#MicroXplorer Configuration settings - do not modify
ADC1.Channel-1\#ChannelInjectedConversion=ADC_CHANNEL_3
ADC1.Channel-1\#ChannelRegularConversion=ADC_CHANNEL_2
ADC1.Channel-2\#ChannelInjectedConversion=ADC_CHANNEL_4
ADC1.Channel-2\#ChannelRegularConversion=ADC_CHANNEL_0
ADC1.Channel-3\#ChannelInjectedConversion=ADC_CHANNEL_5
ADC1.ContinuousConvMode=DISABLE
ADC1.DataAlign=ADC_DATAALIGN_LEFT
ADC1.DiscontinuousConvMode=DISABLE
ADC1.EnableAnalogWatchDog=false
ADC1.EnableInjectedConversion=ENABLE
ADC1.EnableRegularConversion=ENABLE
ADC1.ExternalTrigConv=ADC_SOFTWARE_START
ADC1.ExternalTrigConvEdge=ADC_EXTERNALTRIGCONVEDGE_NONE
ADC1.ExternalTrigInjecConv=ADC_EXTERNALTRIGINJECCONV_T1_CC4
ADC1.ExternalTrigInjecConvEdge=ADC_EXTERNALTRIGINJECCONVEDGE_RISING
ADC1.IPParameters=DataAlign,DiscontinuousConvMode,EnableAnalogWatchDog,Mode,ContinuousConvMode,EnableInjectedConversion,InjectedConvMode,ExternalTrigInjecConv,ExternalTrigInjecConvEdge,InjNumberOfConversion,Rank-1\#ChannelInjectedConversion,Channel-1\#ChannelInjectedConversion,SamplingTime-1\#ChannelInjectedConversion,InjectedOffset-1\#ChannelInjectedConversion,Rank-2\#ChannelInjectedConversion,Channel-2\#ChannelInjectedConversion,SamplingTime-2\#ChannelInjectedConversion,InjectedOffset-2\#ChannelInjectedConversion,Rank-3\#ChannelInjectedConversion,Channel-3\#ChannelInjectedConversion,SamplingTime-3\#ChannelInjectedConversion,InjectedOffset-3\#ChannelInjectedConversion,EnableRegularConversion,ExternalTrigConv,ExternalTrigConvEdge,ScanConvMode,NbrOfConversionFlag,NbrOfConversion,Rank-1\#ChannelRegularConversion,Channel-1\#ChannelRegularConversion,SamplingTime-1\#ChannelRegularConversion,OffsetNumber-1\#ChannelRegularConversion,Offset-1\#ChannelRegularConversion,Rank-2\#ChannelRegularConversion,Channel-2\#ChannelRegularConversion,SamplingTime-2\#ChannelRegularConversion,OffsetNumber-2\#ChannelRegularConversion,Offset-2\#ChannelRegularConversion,master
ADC1.InjNumberOfConversion=3
ADC1.InjectedConvMode=Discontinuous
ADC1.InjectedOffset-1\#ChannelInjectedConversion=0
ADC1.InjectedOffset-2\#ChannelInjectedConversion=0
ADC1.InjectedOffset-3\#ChannelInjectedConversion=0
ADC1.Mode=__NULL
ADC1.NbrOfConversion=2
ADC1.NbrOfConversionFlag=1
ADC1.Offset-1\#ChannelRegularConversion=0
ADC1.Offset-2\#ChannelRegularConversion=0
ADC1.OffsetNumber-1\#ChannelRegularConversion=ADC_OFFSET_NONE
ADC1.OffsetNumber-2\#ChannelRegularConversion=ADC_OFFSET_NONE
ADC1.Rank-1\#ChannelInjectedConversion=1
ADC1.Rank-1\#ChannelRegularConversion=1
ADC1.Rank-2\#ChannelInjectedConversion=2
ADC1.Rank-2\#ChannelRegularConversion=2
ADC1.Rank-3\#ChannelInjectedConversion=3
ADC1.SamplingTime-1\#ChannelInjectedConversion=ADC_SAMPLETIME_7CYCLES_5
ADC1.SamplingTime-1\#ChannelRegularConversion=ADC_SAMPLETIME_1CYCLE_5
ADC1.SamplingTime-2\#ChannelInjectedConversion=ADC_SAMPLETIME_7CYCLES_5
ADC1.SamplingTime-2\#ChannelRegularConversion=ADC_SAMPLETIME_1CYCLE_5
ADC1.SamplingTime-3\#ChannelInjectedConversion=ADC_SAMPLETIME_7CYCLES_5
ADC1.ScanConvMode=ADC_SCAN_ENABLE
ADC1.master=1
ADC2.Channel-1\#ChannelInjectedConversion=ADC_CHANNEL_3
ADC2.Channel-2\#ChannelInjectedConversion=ADC_CHANNEL_4
ADC2.Channel-3\#ChannelInjectedConversion=ADC_CHANNEL_5
ADC2.ContinuousConvMode=DISABLE
ADC2.DataAlign=ADC_DATAALIGN_LEFT
ADC2.DiscontinuousConvMode=DISABLE
ADC2.EnableAnalogWatchDog=false
ADC2.EnableInjectedConversion=ENABLE
ADC2.EnableRegularConversion=DISABLE
ADC2.ExternalTrigInjecConv=ADC_EXTERNALTRIGINJECCONV_T1_CC4
ADC2.ExternalTrigInjecConvEdge=ADC_EXTERNALTRIGINJECCONVEDGE_RISING
ADC2.IPParameters=DataAlign,DiscontinuousConvMode,EnableAnalogWatchDog,Mode,ContinuousConvMode,EnableInjectedConversion,InjectedConvMode,ExternalTrigInjecConv,ExternalTrigInjecConvEdge,InjNumberOfConversion,Rank-1\#ChannelInjectedConversion,Channel-1\#ChannelInjectedConversion,SamplingTime-1\#ChannelInjectedConversion,InjectedOffset-1\#ChannelInjectedConversion,Rank-2\#ChannelInjectedConversion,Channel-2\#ChannelInjectedConversion,SamplingTime-2\#ChannelInjectedConversion,InjectedOffset-2\#ChannelInjectedConversion,Rank-3\#ChannelInjectedConversion,Channel-3\#ChannelInjectedConversion,SamplingTime-3\#ChannelInjectedConversion,InjectedOffset-3\#ChannelInjectedConversion,EnableRegularConversion,ScanConvMode
ADC2.InjNumberOfConversion=3
ADC2.InjectedConvMode=Discontinuous
ADC2.InjectedOffset-1\#ChannelInjectedConversion=0
ADC2.InjectedOffset-2\#ChannelInjectedConversion=0
ADC2.InjectedOffset-3\#ChannelInjectedConversion=0
ADC2.Mode=__NULL
ADC2.Rank-1\#ChannelInjectedConversion=1
ADC2.Rank-2\#ChannelInjectedConversion=2
ADC2.Rank-3\#ChannelInjectedConversion=3
ADC2.SamplingTime-1\#ChannelInjectedConversion=ADC_SAMPLETIME_7CYCLES_5
ADC2.SamplingTime-2\#ChannelInjectedConversion=ADC_SAMPLETIME_7CYCLES_5
ADC2.SamplingTime-3\#ChannelInjectedConversion=ADC_SAMPLETIME_7CYCLES_5
ADC2.ScanConvMode=ADC_SCAN_ENABLE
Dma.ADC1.0.Direction=DMA_PERIPH_TO_MEMORY
Dma.ADC1.0.Instance=DMA1_Channel1
Dma.ADC1.0.MemDataAlignment=DMA_MDATAALIGN_HALFWORD
Dma.ADC1.0.MemInc=DMA_MINC_DISABLE
Dma.ADC1.0.Mode=DMA_CIRCULAR
Dma.ADC1.0.PeriphDataAlignment=DMA_PDATAALIGN_HALFWORD
Dma.ADC1.0.PeriphInc=DMA_PINC_DISABLE
Dma.ADC1.0.Priority=DMA_PRIORITY_LOW
Dma.ADC1.0.RequestParameters=Instance,Direction,PeriphInc,MemInc,PeriphDataAlignment,MemDataAlignment,Mode,Priority
Dma.Request0=ADC1
Dma.RequestsNb=1
ExtraMW=MotorControl
ExtraMW.MotorControl.Config=MotorControl
ExtraMW.MotorControl.Mode=MotorControl
ExtraMW.MotorControl.Root=MCSDK_v5.4.5/MotorControl
ExtraMW.MotorControl.Template=templates
FREERTOS.FootprintOK=true
FREERTOS.IPParameters=Tasks01,FootprintOK
FREERTOS.Tasks01=mediumFrequency,24,128,startMediumFrequencyTask,As weak,NULL,Dynamic,NULL,NULL;safety,32,128,StartSafetyTask,As external,NULL,Dynamic,NULL,NULL
File.Version=6
KeepUserPlacement=false
Mcu.Family=STM32F1
Mcu.IP0=ADC1
Mcu.IP1=ADC2
Mcu.IP10=USART3
Mcu.IP2=DMA
Mcu.IP3=FREERTOS
Mcu.IP4=MotorControl
Mcu.IP5=NVIC
Mcu.IP6=RCC
Mcu.IP7=SYS
Mcu.IP8=TIM1
Mcu.IP9=USART1
Mcu.IPNb=11
Mcu.Name=STM32F103C(8-B)Tx
Mcu.Package=LQFP48
Mcu.Pin0=PC14-OSC32_IN
Mcu.Pin1=PC15-OSC32_OUT
Mcu.Pin10=PB13
Mcu.Pin11=PB14
Mcu.Pin12=PB15
Mcu.Pin13=PA8
Mcu.Pin14=PA9
Mcu.Pin15=PA10
Mcu.Pin16=PA13
Mcu.Pin17=PA14
Mcu.Pin18=PB6
Mcu.Pin19=VP_FREERTOS_VS_CMSIS_V2
Mcu.Pin2=PD1-OSC_OUT
Mcu.Pin20=VP_SYS_VS_tim4
Mcu.Pin21=VP_TIM1_VS_ControllerModeTrigger
Mcu.Pin22=VP_TIM1_VS_ClockSourceITR
Mcu.Pin23=VP_TIM1_VS_no_output4
Mcu.Pin24=VP_MotorControl_MC_ENABLED
Mcu.Pin3=PA0-WKUP
Mcu.Pin4=PA2
Mcu.Pin5=PA3
Mcu.Pin6=PA4
Mcu.Pin7=PA5
Mcu.Pin8=PB10
Mcu.Pin9=PB11
Mcu.PinsNb=25
Mcu.ThirdPartyNb=0
Mcu.UserConstants=
Mcu.UserName=STM32F103C8Tx
MotorControl.ADC_1_PERIPH=ADC1
MotorControl.ADC_2_PERIPH=ADC2
MotorControl.ADC_AHBPERIPH=RCC_AHBPeriph_ADC12
MotorControl.ADC_CLOCK_WB_DIV=1
MotorControl.ADC_CLOCK_WB_FREQ=12
MotorControl.ADC_PERIPH=ADC1
MotorControl.ADC_REFERENCE_VOLTAGE=3.30
MotorControl.ALIGNMENT_ANGLE_DEG=90
MotorControl.ALIGNMENT_DURATION=700
MotorControl.AMPLIFICATION_GAIN=8.00
MotorControl.ANGC={0,0,0,0,0,0,0,0}
MotorControl.BEMF_CONSISTENCY_GAIN=64
MotorControl.BEMF_CONSISTENCY_TOL=64
MotorControl.BKIN1_FILTER=0
MotorControl.BKIN2_FILTER=0
MotorControl.BKIN2_MODE=NONE
MotorControl.BKIN_MODE=NONE
MotorControl.BOARD=CUSTOM
MotorControl.BRKIN2_GPIO_AF=GPIO_AF_2
MotorControl.BRKIN_GPIO_AF=GPIO_AF_2
MotorControl.BUS_VOLTAGE_READING=true
MotorControl.CCMRAM_ENABLED=false
MotorControl.CLOCK_FREQUENCY=CPU_CLK_64_MHZ
MotorControl.CLOCK_SOURCE=EXTERNAL
MotorControl.CONSTANT1_D=246405
MotorControl.CONSTANT1_Q=246405
MotorControl.CONSTANT2_QD=32185
MotorControl.CORD_BEMF_CONSISTENCY_GAIN=64
MotorControl.CORD_BEMF_CONSISTENCY_TOL=64
MotorControl.CORD_F1=16384
MotorControl.CORD_F2=16384
MotorControl.CORD_FIFO_DEPTH_01HZ=64
MotorControl.CORD_FIFO_DEPTH_DPP=64
MotorControl.CORD_GAIN1=-23921
MotorControl.CORD_GAIN2=7000
MotorControl.CORD_MAX_ACCEL_DPPP=19
MotorControl.CORD_MEAS_ERRORS_BEFORE_FAULTS=3
MotorControl.CORD_VARIANCE_THRESHOLD=4
MotorControl.CPU_CLK_64_MHZ=true
MotorControl.CTRBDID=0
MotorControl.CUBE_MX_VER=6.1.0
MotorControl.CURRENT_READING_TOPOLOGY=THREE_SHUNT
MotorControl.CURR_SAMPLING_TIME=7
MotorControl.DAC_EMULATED=false
MotorControl.DAC_FUNCTIONALITY=false
MotorControl.DAC_TIMER_CH1_GPIO_PIN=LL_GPIO_PIN_0
MotorControl.DAC_TIMER_CH1_GPIO_PORT=GPIOA
MotorControl.DAC_TIMER_CH2_GPIO_PIN=LL_GPIO_PIN_0
MotorControl.DAC_TIMER_CH2_GPIO_PORT=GPIOA
MotorControl.DAC_TIMER_SELECTION=TIM3
MotorControl.DC_CURRENT_RS_MEAS=30.00
MotorControl.DEBUG_DAC_CH1=false
MotorControl.DEBUG_DAC_CH2=false
MotorControl.DEFAULT_CONTROL_MODE=STC_TORQUE_MODE
MotorControl.DEFAULT_DAC_CHANNEL_1=MC_PROTOCOL_REG_I_A
MotorControl.DEFAULT_DAC_CHANNEL_2=MC_PROTOCOL_REG_I_B
MotorControl.DEFAULT_DAC_MOTOR=0
MotorControl.DEFAULT_FLUX_COMPONENT=0
MotorControl.DEFAULT_TARGET_SPEED_RPM=0
MotorControl.DEFAULT_TORQUE_COMPONENT=0
MotorControl.DISSIPATIVE_BRAKE_POLARITY=DOUT_ACTIVE_HIGH
MotorControl.DRIVES_NUMBER_SELECTION=SINGLEDRIVE
MotorControl.EMERGENCY2_STOP_GPIO_PIN=LL_GPIO_PIN_12
MotorControl.EMERGENCY2_STOP_GPIO_PORT=GPIOB
MotorControl.EMERGENCY_STOP_GPIO_PIN=LL_GPIO_PIN_12
MotorControl.EMERGENCY_STOP_GPIO_PORT=GPIOB
MotorControl.ENABLE_SL_ALGO_FROM_PHASE=3
MotorControl.ENCODER_AVAILABLE=false
MotorControl.ENCODER_PPR=400
MotorControl.ENC_AVERAGING_FIFO_DEPTH=16
MotorControl.ENC_A_GPIO_PIN=LL_GPIO_PIN_0
MotorControl.ENC_A_GPIO_PORT=GPIOA
MotorControl.ENC_B_GPIO_PIN=LL_GPIO_PIN_1
MotorControl.ENC_B_GPIO_PORT=GPIOA
MotorControl.ENC_ICx_FILTER=45
MotorControl.ENC_INVERT_SPEED=false
MotorControl.ENC_MEAS_ERRORS_BEFORE_FAULTS=3
MotorControl.ENC_TIMER_REMAPPING=NO_REMAP_TIM2
MotorControl.ENC_TIMER_SELECTION=ENC_TIM2
MotorControl.ENC_USE_CH3=false
MotorControl.EXT_CLK_8_MHZ=true
MotorControl.EXT_CLOCK_FREQUENCY=EXT_CLK_8_MHZ
MotorControl.F1=16384
MotorControl.F2=16384
MotorControl.FEEDBACK_NET_FILTERING=false
MotorControl.FEED_FORWARD_CURRENT_REG_ENABLING=false
MotorControl.FINAL_I_ALIGNMENT=619
MotorControl.FLUX_WEAKENING_ENABLING=false
MotorControl.FW_KIDIV=32768
MotorControl.FW_KI_GAIN=5000
MotorControl.FW_KPDIV=32768
MotorControl.FW_KP_GAIN=3000
MotorControl.FW_VOLTAGE_REF=985
MotorControl.GAIN1=-23921
MotorControl.GAIN2=7000
MotorControl.H1_GPIO_PIN=LL_GPIO_PIN_6
MotorControl.H1_GPIO_PORT=GPIOA
MotorControl.H2_GPIO_PIN=LL_GPIO_PIN_7
MotorControl.H2_GPIO_PORT=GPIOA
MotorControl.H3_GPIO_PIN=LL_GPIO_PIN_0
MotorControl.H3_GPIO_PORT=GPIOB
MotorControl.HALL_AVERAGING_FIFO_DEPTH=6
MotorControl.HALL_ICx_FILTER=256
MotorControl.HALL_MEAS_ERRORS_BEFORE_FAULTS=3
MotorControl.HALL_MTPA=false
MotorControl.HALL_PHASE_SHIFT=120
MotorControl.HALL_SENSORS_AVAILABLE=true
MotorControl.HALL_SENSORS_PLACEMENT=DEGREES_120
MotorControl.HALL_TIMER_REMAPPING=NO_REMAP_TIM3
MotorControl.HALL_TIMER_SELECTION=HALL_TIM3
MotorControl.HFI_AMPLITUDE=25
MotorControl.HFI_DC_0_COEFF=0.00146
MotorControl.HFI_DC_1_COEFF=0.002921
MotorControl.HFI_DC_2_COEFF=0.00146
MotorControl.HFI_DC_3_COEFF=1.889033
MotorControl.HFI_DC_4_COEFF=-0.894874
MotorControl.HFI_DEBUG_MODE=false
MotorControl.HFI_FREQUENCY=400
MotorControl.HFI_HIFRAMPLSCAN=25
MotorControl.HFI_HP_ID_0_COEFF=0.925191
MotorControl.HFI_HP_ID_1_COEFF=-1.850383
MotorControl.HFI_HP_ID_2_COEFF=0.925191
MotorControl.HFI_HP_ID_3_COEFF=1.844778
MotorControl.HFI_HP_ID_4_COEFF=-0.855987
MotorControl.HFI_IDH_DELAY=32400
MotorControl.HFI_LOCKFREQ=41
MotorControl.HFI_LP_ID_0_COEFF=0.009086
MotorControl.HFI_LP_ID_1_COEFF=0.018172
MotorControl.HFI_LP_ID_2_COEFF=0.009086
MotorControl.HFI_LP_ID_3_COEFF=1.712838
MotorControl.HFI_LP_ID_4_COEFF=-0.749181
MotorControl.HFI_MAXANGLEDIFF=3640
MotorControl.HFI_MINIMUM_SPEED_RPM=402
MotorControl.HFI_NOTCH_IQD_0_COEFF=0.962363
MotorControl.HFI_NOTCH_IQD_1_COEFF=-1.90103
MotorControl.HFI_NOTCH_IQD_2_COEFF=0.962363
MotorControl.HFI_NOTCH_IQD_3_COEFF=1.90103
MotorControl.HFI_NOTCH_IQD_4_COEFF=-0.924727
MotorControl.HFI_NSDETPOINTSSKIP=10
MotorControl.HFI_NSMAXDETPOINTS=20
MotorControl.HFI_NS_MIN_SAT_DIFF=0
MotorControl.HFI_PID_KIDIV=32768
MotorControl.HFI_PID_KI_DEFAULT=400
MotorControl.HFI_PID_KPDIV=16384
MotorControl.HFI_PID_KP_DEFAULT=800
MotorControl.HFI_PLL_KI_DEFAULT=0.00400
MotorControl.HFI_PLL_KP_DEFAULT=0.00060
MotorControl.HFI_RESTARTTIMESEC=0.1
MotorControl.HFI_RESTART_RPM_TH=(((HFI_STO_RPM_TH)+(STO_HFI_RPM_TH))/2)
MotorControl.HFI_REVERT_DIRECTION=true
MotorControl.HFI_SCANROTATIONSNO=3
MotorControl.HFI_SPD_BUFFER_DEPTH_01HZ=64
MotorControl.HFI_STEPANGLE=3640
MotorControl.HFI_STO_RPM_TH=OBS_MINIMUM_SPEED_RPM
MotorControl.HFI_WAITAFTERNS2=4
MotorControl.HFI_WAITBEFORESN=6
MotorControl.HFI_WAITSYNCH=20
MotorControl.HFI_WAITTRACK=20
MotorControl.HIGH_SIDE_BRAKE_STATE=false
MotorControl.HIGH_SIDE_IDLE_STATE=false
MotorControl.HW_COMPLEMENTED_LOW_SIDE=false
MotorControl.HW_DEAD_TIME_NS=100
MotorControl.HW_OV_CURRENT_PROT_BYPASS=false
MotorControl.ID_DEMAG=-9532
MotorControl.INRUSH_CURRLIMIT_AT_POWER_ON=true
MotorControl.INRUSH_CURRLIMIT_CHANGE_AFTER_MS=1000
MotorControl.INRUSH_CURRLIMIT_ENABLING=false
MotorControl.INRUSH_CURRLIMIT_GPIO_PIN=LL_GPIO_PIN_4
MotorControl.INRUSH_CURRLIMIT_GPIO_PORT=GPIOE
MotorControl.INRUSH_CURR_LIMITER_POLARITY=DOUT_ACTIVE_HIGH
MotorControl.INTERNAL_OVERCURRENTPROTECTION=false
MotorControl.INTERNAL_OVERVOLTAGEPROTECTION=false
MotorControl.IPParameters=ADC_1_PERIPH,ADC_2_PERIPH,ADC_AHBPERIPH,ADC_CLOCK_WB_DIV,ADC_CLOCK_WB_FREQ,ADC_PERIPH,ADC_REFERENCE_VOLTAGE,ALIGNMENT_ANGLE_DEG,ALIGNMENT_DURATION,AMPLIFICATION_GAIN,ANGC,BEMF_CONSISTENCY_GAIN,BEMF_CONSISTENCY_TOL,BKIN_MODE,BKIN1_FILTER,BKIN2_FILTER,BKIN2_MODE,BOARD,BRKIN_GPIO_AF,BRKIN2_GPIO_AF,BUS_VOLTAGE_READING,CCMRAM_ENABLED,CLOCK_FREQUENCY,CLOCK_SOURCE,CONSTANT1_D,CONSTANT1_Q,CONSTANT2_QD,CORD_BEMF_CONSISTENCY_GAIN,CORD_BEMF_CONSISTENCY_TOL,CORD_F1,CORD_F2,CORD_FIFO_DEPTH_01HZ,CORD_FIFO_DEPTH_DPP,CORD_GAIN1,CORD_GAIN2,CORD_MAX_ACCEL_DPPP,CORD_MEAS_ERRORS_BEFORE_FAULTS,CORD_VARIANCE_THRESHOLD,CPU_CLK_64_MHZ,CTRBDID,CUBE_MX_VER,CURR_SAMPLING_TIME,CURRENT_READING_TOPOLOGY,DAC_EMULATED,DAC_FUNCTIONALITY,DAC_TIMER_CH1_GPIO_PIN,DAC_TIMER_CH1_GPIO_PORT,DAC_TIMER_CH2_GPIO_PIN,DAC_TIMER_CH2_GPIO_PORT,DAC_TIMER_SELECTION,DC_CURRENT_RS_MEAS,DEBUG_DAC_CH1,DEBUG_DAC_CH2,DEFAULT_CONTROL_MODE,DEFAULT_DAC_CHANNEL_1,DEFAULT_DAC_CHANNEL_2,DEFAULT_DAC_MOTOR,DEFAULT_FLUX_COMPONENT,DEFAULT_TARGET_SPEED_RPM,DEFAULT_TORQUE_COMPONENT,DISSIPATIVE_BRAKE_POLARITY,DRIVES_NUMBER_SELECTION,dV_dT,EMERGENCY_STOP_GPIO_PIN,EMERGENCY_STOP_GPIO_PORT,EMERGENCY2_STOP_GPIO_PIN,EMERGENCY2_STOP_GPIO_PORT,ENABLE_SL_ALGO_FROM_PHASE,ENC_A_GPIO_PIN,ENC_A_GPIO_PORT,ENC_AVERAGING_FIFO_DEPTH,ENC_B_GPIO_PIN,ENC_B_GPIO_PORT,ENC_ICx_FILTER,ENC_INVERT_SPEED,ENC_MEAS_ERRORS_BEFORE_FAULTS,ENC_TIMER_REMAPPING,ENC_TIMER_SELECTION,ENC_USE_CH3,ENCODER_AVAILABLE,ENCODER_PPR,EXT_CLK_8_MHZ,EXT_CLOCK_FREQUENCY,F1,F2,FEED_FORWARD_CURRENT_REG_ENABLING,FEEDBACK_NET_FILTERING,FINAL_I_ALIGNMENT,FLUX_WEAKENING_ENABLING,FW_KI_GAIN,FW_KIDIV,FW_KP_GAIN,FW_KPDIV,FW_VOLTAGE_REF,GAIN1,GAIN2,H1_GPIO_PIN,H1_GPIO_PORT,H2_GPIO_PIN,H2_GPIO_PORT,H3_GPIO_PIN,H3_GPIO_PORT,HALL_AVERAGING_FIFO_DEPTH,HALL_ICx_FILTER,HALL_MEAS_ERRORS_BEFORE_FAULTS,HALL_MTPA,HALL_PHASE_SHIFT,HALL_SENSORS_AVAILABLE,HALL_SENSORS_PLACEMENT,HALL_TIMER_REMAPPING,HALL_TIMER_SELECTION,HFI_AMPLITUDE,HFI_DC_0_COEFF,HFI_DC_1_COEFF,HFI_DC_2_COEFF,HFI_DC_3_COEFF,HFI_DC_4_COEFF,HFI_DEBUG_MODE,HFI_FREQUENCY,HFI_HIFRAMPLSCAN,HFI_HP_ID_0_COEFF,HFI_HP_ID_1_COEFF,HFI_HP_ID_2_COEFF,HFI_HP_ID_3_COEFF,HFI_HP_ID_4_COEFF,HFI_IDH_DELAY,HFI_LOCKFREQ,HFI_LP_ID_0_COEFF,HFI_LP_ID_1_COEFF,HFI_LP_ID_2_COEFF,HFI_LP_ID_3_COEFF,HFI_LP_ID_4_COEFF,HFI_MAXANGLEDIFF,HFI_MINIMUM_SPEED_RPM,HFI_NOTCH_IQD_0_COEFF,HFI_NOTCH_IQD_1_COEFF,HFI_NOTCH_IQD_2_COEFF,HFI_NOTCH_IQD_3_COEFF,HFI_NOTCH_IQD_4_COEFF,HFI_NS_MIN_SAT_DIFF,HFI_NSDETPOINTSSKIP,HFI_NSMAXDETPOINTS,HFI_PID_KI_DEFAULT,HFI_PID_KIDIV,HFI_PID_KP_DEFAULT,HFI_PID_KPDIV,HFI_PLL_KI_DEFAULT,HFI_PLL_KP_DEFAULT,HFI_RESTART_RPM_TH,HFI_RESTARTTIMESEC,HFI_REVERT_DIRECTION,HFI_SCANROTATIONSNO,HFI_SPD_BUFFER_DEPTH_01HZ,HFI_STEPANGLE,HFI_STO_RPM_TH,HFI_WAITAFTERNS2,HFI_WAITBEFORESN,HFI_WAITSYNCH,HFI_WAITTRACK,HIGH_SIDE_BRAKE_STATE,HIGH_SIDE_IDLE_STATE,HW_COMPLEMENTED_LOW_SIDE,HW_DEAD_TIME_NS,HW_OV_CURRENT_PROT_BYPASS,ID_DEMAG,INRUSH_CURR_LIMITER_POLARITY,INRUSH_CURRLIMIT_AT_POWER_ON,INRUSH_CURRLIMIT_CHANGE_AFTER_MS,INRUSH_CURRLIMIT_ENABLING,INRUSH_CURRLIMIT_GPIO_PIN,INRUSH_CURRLIMIT_GPIO_PORT,INTERNAL_OVERCURRENTPROTECTION,INTERNAL_OVERVOLTAGEPROTECTION,IPs,IQMAX,LCD_JOYSTICK_FUNCTIONALITY,LCD_MODE,LDLQ_RATIO,LOW_SIDE_BRAKE_STATE,LOW_SIDE_IDLE_STATE,LOW_SIDE_SIGNALS_ENABLING,LS,MAX_APPLICATION_SPEED,MAX_MODULATION_94_PER_CENT,MAX_MODULATION_INDEX,MC_WORKBENCH_VERSION,MCU,MCU_TYPE,MEAS_ERRORS_BEFORE_FAULTS,MIN_APPLICATION_SPEED,MOTOR_MAX_SPEED_RPM,MOTOR_TYPE,MOTOR_VOLTAGE_CONSTANT,MTPA_ENABLING,NB_CONSECUTIVE_TESTS,NOMINAL_BUS_VOLTAGE_V,NOMINAL_CURRENT,OBS_MEAS_ERRORS_BEFORE_FAULTS,OBS_MINIMUM_SPEED_RPM,OCP_COMP_THRESHOLD,OCP_FILTER,OCP_INVERTINGINPUT,OCP_INVERTINGINPUT_GPIO_PIN,OCP_INVERTINGINPUT_GPIO_PORT,OCP_INVERTINGINPUT_MODE,OCP_NONINVERTINGINPUT,OCP_NONINVERTINGINPUT_GPIO_PIN,OCP_NONINVERTINGINPUT_GPIO_PORT,OCP_OUTPUT,OCP_OUTPUT_GPIO_AF,OCP_OUTPUT_GPIO_PIN,OCP_OUTPUT_GPIO_PORT,OCP_OUTPUT_MODE,OCP_OUTPUTPOL,OCP_SELECTION,OCPA_INVERTINGINPUT,OCPA_INVERTINGINPUT_GPIO_PIN,OCPA_INVERTINGINPUT_GPIO_PORT,OCPA_INVERTINGINPUT_MODE,OCPA_NONINVERTINGINPUT,OCPA_NONINVERTINGINPUT_GPIO_PIN,OCPA_NONINVERTINGINPUT_GPIO_PORT,OCPA_OUTPUT,OCPA_OUTPUT_GPIO_AF,OCPA_OUTPUT_GPIO_PIN,OCPA_OUTPUT_GPIO_PORT,OCPA_OUTPUT_MODE,OCPA_OUTPUTPOL,OCPA_SELECTION,OCPB_INVERTINGINPUT,OCPB_INVERTINGINPUT_GPIO_PIN,OCPB_INVERTINGINPUT_GPIO_PORT,OCPB_INVERTINGINPUT_MODE,OCPB_NONINVERTINGINPUT,OCPB_NONINVERTINGINPUT_GPIO_PIN,OCPB_NONINVERTINGINPUT_GPIO_PORT,OCPB_OUTPUT,OCPB_OUTPUT_GPIO_AF,OCPB_OUTPUT_GPIO_PIN,OCPB_OUTPUT_GPIO_PORT,OCPB_OUTPUT_MODE,OCPB_OUTPUTPOL,OCPB_SELECTION,OCPC_INVERTINGINPUT,OCPC_INVERTINGINPUT_GPIO_PIN,OCPC_INVERTINGINPUT_GPIO_PORT,OCPC_INVERTINGINPUT_MODE,OCPC_NONINVERTINGINPUT,OCPC_NONINVERTINGINPUT_GPIO_PIN,OCPC_NONINVERTINGINPUT_GPIO_PORT,OCPC_OUTPUT,OCPC_OUTPUT_GPIO_AF,OCPC_OUTPUT_GPIO_PIN,OCPC_OUTPUT_GPIO_PORT,OCPC_OUTPUT_MODE,OCPC_OUTPUTPOL,OCPC_SELECTION,OCPREF,OFST,ON_OVER_VOLTAGE,OPAMP_INVERTINGINPUT,OPAMP_INVERTINGINPUT_GPIO_PIN,OPAMP_INVERTINGINPUT_GPIO_PORT,OPAMP_INVERTINGINPUT_MODE,OPAMP_NONINVERTINGINPUT,OPAMP_NONINVERTINGINPUT_GPIO_PIN,OPAMP_NONINVERTINGINPUT_GPIO_PORT,OPAMP_OUT_GPIO_PIN,OPAMP_OUT_GPIO_PORT,OPAMP_PGACONNECT,OPAMP_PGAGAIN,OPAMP_SELECTION,OPAMP_TYPE_GAIN,OPAMP1_INVERTINGINPUT,OPAMP1_INVERTINGINPUT_GPIO_PIN,OPAMP1_INVERTINGINPUT_GPIO_PORT,OPAMP1_INVERTINGINPUT_MODE,OPAMP1_NONINVERTINGINPUT_PHA,OPAMP1_NONINVERTINGINPUT_PHA_GPIO_PIN,OPAMP1_NONINVERTINGINPUT_PHA_GPIO_PORT,OPAMP1_NONINVERTINGINPUT_PHB,OPAMP1_NONINVERTINGINPUT_PHB_GPIO_PIN,OPAMP1_NONINVERTINGINPUT_PHB_GPIO_PORT,OPAMP1_OUT_GPIO_PIN,OPAMP1_OUT_GPIO_PORT,OPAMP1_SELECTION,OPAMP2_INVERTINGINPUT,OPAMP2_INVERTINGINPUT_GPIO_PIN,OPAMP2_INVERTINGINPUT_GPIO_PORT,OPAMP2_INVERTINGINPUT_MODE,OPAMP2_NONINVERTINGINPUT_PHA,OPAMP2_NONINVERTINGINPUT_PHA_GPIO_PIN,OPAMP2_NONINVERTINGINPUT_PHA_GPIO_PORT,OPAMP2_NONINVERTINGINPUT_PHB,OPAMP2_NONINVERTINGINPUT_PHB_GPIO_PIN,OPAMP2_NONINVERTINGINPUT_PHB_GPIO_PORT,OPAMP2_NONINVERTINGINPUT_PHC,OPAMP2_NONINVERTINGINPUT_PHC_GPIO_PIN,OPAMP2_NONINVERTINGINPUT_PHC_GPIO_PORT,OPAMP2_OUT_GPIO_PIN,OPAMP2_OUT_GPIO_PORT,OPAMP2_SELECTION,OPAMP3_INVERTINGINPUT,OPAMP3_INVERTINGINPUT_GPIO_PIN,OPAMP3_INVERTINGINPUT_GPIO_PORT,OPAMP3_INVERTINGINPUT_MODE,OPAMP3_SELECTION,OPEN_LOOP_FOC,OPEN_LOOP_K,OPEN_LOOP_OFF,OPEN_LOOP_SPEED_RAMP_DURATION_MS,OPEN_LOOP_SPEED_RPM,OPEN_LOOP_VF,OPEN_LOOP_VOLTAGE_d,OV_CURR_BYPASS_GPIO_PIN,OV_CURR_BYPASS_GPIO_PORT,OV_TEMPERATURE_HYSTERESIS_C,OV_TEMPERATURE_PROT_ENABLING,OV_TEMPERATURE_THRESHOLD_C,OV_VOLTAGE_PROT_ENABLING,OV_VOLTAGE_THRESHOLD_V,OVERCURR_FEEDBACK_POLARITY,OVERCURR_PROTECTION_HW_DISABLING,OVP_FILTER,OVP_INVERTINGINPUT,OVP_INVERTINGINPUT_GPIO_PIN,OVP_INVERTINGINPUT_GPIO_PORT,OVP_INVERTINGINPUT_MODE,OVP_NONINVERTINGINPUT,OVP_NONINVERTINGINPUT_GPIO_PIN,OVP_NONINVERTINGINPUT_GPIO_PORT,OVP_OUTPUT,OVP_OUTPUT_GPIO_AF,OVP_OUTPUT_GPIO_PIN,OVP_OUTPUT_GPIO_PORT,OVP_OUTPUT_MODE,OVP_OUTPUTPOL,OVP_SELECTION,OVPREF,PHASE_CURRENTS_ADC,PHASE_CURRENTS_CHANNEL,PHASE_CURRENTS_GPIO_PIN,PHASE_CURRENTS_GPIO_PORT,PHASE_U_CURR_ADC,PHASE_U_CURR_CHANNEL,PHASE_U_GPIO_PIN,PHASE_U_GPIO_PORT,PHASE_UH_GPIO_AF,PHASE_UH_GPIO_PIN,PHASE_UH_GPIO_PORT,PHASE_UH_POLARITY,PHASE_UL_GPIO_AF,PHASE_UL_GPIO_PIN,PHASE_UL_GPIO_PORT,PHASE_UL_POLARITY,PHASE_V_CURR_ADC,PHASE_V_CURR_CHANNEL,PHASE_V_GPIO_PIN,PHASE_V_GPIO_PORT,PHASE_VH_GPIO_AF,PHASE_VH_GPIO_PIN,PHASE_VH_GPIO_PORT,PHASE_VH_POLARITY,PHASE_VL_GPIO_AF,PHASE_VL_GPIO_PIN,PHASE_VL_GPIO_PORT,PHASE_VL_POLARITY,PHASE_W_CURR_ADC,PHASE_W_CURR_CHANNEL,PHASE_W_GPIO_PIN,PHASE_W_GPIO_PORT,PHASE_WH_GPIO_AF,PHASE_WH_GPIO_PIN,PHASE_WH_GPIO_PORT,PHASE_WH_POLARITY,PHASE_WL_GPIO_AF,PHASE_WL_GPIO_PIN,PHASE_WL_GPIO_PORT,PHASE_WL_POLARITY,PHASE1_DURATION,PHASE1_FINAL_CURRENT,PHASE1_FINAL_SPEED_RPM,PHASE2_DURATION,PHASE2_FINAL_CURRENT,PHASE2_FINAL_SPEED_RPM,PHASE3_DURATION,PHASE3_FINAL_CURRENT,PHASE3_FINAL_SPEED_RPM,PHASE4_DURATION,PHASE4_FINAL_CURRENT,PHASE4_FINAL_SPEED_RPM,PHASE5_DURATION,PHASE5_FINAL_CURRENT,PHASE5_FINAL_SPEED_RPM,PID_FLUX_KD_DEFAULT,PID_FLUX_KI_DEFAULT,PID_FLUX_KP_DEFAULT,PID_SPEED_KD_DEFAULT,PID_SPEED_KI_DEFAULT,PID_SPEED_KP_DEFAULT,PID_TORQUE_KD_DEFAULT,PID_TORQUE_KI_DEFAULT,PID_TORQUE_KP_DEFAULT,PLL_KI_GAIN,PLL_KP_GAIN,POLE_PAIR_NUM,POSITION_CTRL_ENABLING,PWBDID,PWM_FREQUENCY,PWM_TIMER_REMAPPING,PWM_TIMER_SELECTION,R_BRAKE_GPIO_PIN,R_BRAKE_GPIO_PORT,R_BRAKE_SWITCH_OFF_THRES_V,REGCONVADC,REGULATION_EXECUTION_RATE,RS,RSHUNT,RTOS,RTOS_TIMER,RTOS_USE_IRQ,SEGDIV,SERIAL_COM_CHANNEL1,SERIAL_COM_CHANNEL2,SERIAL_COM_MODE,SERIAL_COM_MOTOR,SERIAL_COMMUNICATION,SHARED_SIGNAL_ENABLE,SINGLEDRIVE,SP_KDDIV,SP_KIDIV,SP_KPDIV,SPD_DIFFERENTIAL_TERM_ENABLING,SPEED_BAND_LOWER_LIMIT,SPEED_BAND_UPPER_LIMIT,SPEED_LOOP_FREQUENCY_HZ,SPEED_SENSOR_SELECTION,START_STOP_BTN,START_STOP_GPIO_PIN,START_STOP_GPIO_PORT,START_STOP_POLARITY,START_STOP_POLARITY_EDGE,STARTING_ANGLE_DEG,STATE_OBSERVER_CORDIC,STM32F103x_HD,STO_FIFO_DEPTH_01HZ,STO_FIFO_DEPTH_DPP,STO_HFI_RPM_TH,SW_DEADTIME_NS,SW_OV_CURRENT_PROT_ENABLING,T_MAX,T0_C,TEMP_ADC_SAMPLING_TIME,TEMP_FDBK_ADC,TEMP_FDBK_CHANNEL,TEMP_FDBK_GPIO_PIN,TEMP_FDBK_GPIO_PORT,TEMPERATURE_READING,TF_KDDIV,TF_KIDIV,TF_KPDIV,TFDIFFERENTIAL_TERM_ENABLING,THREE_SHUNT,TNOISE_NS,TRANSITION_DURATION,TRISE_NS,UD_VOLTAGE_THRESHOLD_V,USART_REMAPPING,USART_RX_GPIO_PIN,USART_RX_GPIO_PORT,USART_SELECTION,USART_SPEED,USART_TX_GPIO_PIN,USART_TX_GPIO_PORT,USE_3OPAMPS,USE_INTERNAL_OPAMP,UV_VOLTAGE_PROT_ENABLING,V0_V,VARIANCE_THRESHOLD,VBUS_ADC,VBUS_ADC_SAMPLING_TIME,VBUS_CHANNEL,VBUS_GPIO_PIN,VBUS_GPIO_PORT,VBUS_PARTITIONING_FACTOR,WB_to_Mx_template_version,WB_to_Mx_version
MotorControl.IPs=NVIC,RCC,MotorControl,ADC1,ADC2,TIM1,DMA,USART3,FREERTOS
MotorControl.IQMAX=9532
MotorControl.LCD_JOYSTICK_FUNCTIONALITY=false
MotorControl.LCD_MODE=LCD_FULL
MotorControl.LDLQ_RATIO=1.000
MotorControl.LOW_SIDE_BRAKE_STATE=false
MotorControl.LOW_SIDE_IDLE_STATE=false
MotorControl.LOW_SIDE_SIGNALS_ENABLING=LS_PWM_TIMER
MotorControl.LS=0.000082
MotorControl.MAX_APPLICATION_SPEED=2500
MotorControl.MAX_MODULATION_94_PER_CENT=true
MotorControl.MAX_MODULATION_INDEX=MAX_MODULATION_94_PER_CENT
MotorControl.MCU=STM32F103C8
MotorControl.MCU_TYPE=STM32F103x_HD
MotorControl.MC_WORKBENCH_VERSION=5.4.5.20506
MotorControl.MEAS_ERRORS_BEFORE_FAULTS=3
MotorControl.MIN_APPLICATION_SPEED=0
MotorControl.MOTOR_MAX_SPEED_RPM=2500
MotorControl.MOTOR_TYPE=PMSM
MotorControl.MOTOR_VOLTAGE_CONSTANT=17.0
MotorControl.MTPA_ENABLING=false
MotorControl.NB_CONSECUTIVE_TESTS=1
MotorControl.NOMINAL_BUS_VOLTAGE_V=36
MotorControl.NOMINAL_CURRENT=9532
MotorControl.OBS_MEAS_ERRORS_BEFORE_FAULTS=3
MotorControl.OBS_MINIMUM_SPEED_RPM=100
MotorControl.OCPA_INVERTINGINPUT=COMPX_InvertingInput_VREF
MotorControl.OCPA_INVERTINGINPUT_GPIO_PIN=LL_GPIO_PIN_4
MotorControl.OCPA_INVERTINGINPUT_GPIO_PORT=GPIOA
MotorControl.OCPA_INVERTINGINPUT_MODE=INT_MODE
MotorControl.OCPA_NONINVERTINGINPUT=COMP1_NonInvertingInput_PA1
MotorControl.OCPA_NONINVERTINGINPUT_GPIO_PIN=LL_GPIO_PIN_1
MotorControl.OCPA_NONINVERTINGINPUT_GPIO_PORT=GPIOA
MotorControl.OCPA_OUTPUT=COMP_Output_TIM1BKIN2
MotorControl.OCPA_OUTPUTPOL=COMP_OutputPol_NonInverted
MotorControl.OCPA_OUTPUT_GPIO_AF=GPIO_AF_8
MotorControl.OCPA_OUTPUT_GPIO_PIN=LL_GPIO_PIN_0
MotorControl.OCPA_OUTPUT_GPIO_PORT=GPIOA
MotorControl.OCPA_OUTPUT_MODE=INT_MODE
MotorControl.OCPA_SELECTION=COMP1
MotorControl.OCPB_INVERTINGINPUT=COMPX_InvertingInput_VREF
MotorControl.OCPB_INVERTINGINPUT_GPIO_PIN=LL_GPIO_PIN_4
MotorControl.OCPB_INVERTINGINPUT_GPIO_PORT=GPIOA
MotorControl.OCPB_INVERTINGINPUT_MODE=INT_MODE
MotorControl.OCPB_NONINVERTINGINPUT=COMP2_NonInvertingInput_PA7
MotorControl.OCPB_NONINVERTINGINPUT_GPIO_PIN=LL_GPIO_PIN_7
MotorControl.OCPB_NONINVERTINGINPUT_GPIO_PORT=GPIOA
MotorControl.OCPB_OUTPUT=COMP_Output_TIM1BKIN2
MotorControl.OCPB_OUTPUTPOL=COMP_OutputPol_NonInverted
MotorControl.OCPB_OUTPUT_GPIO_AF=GPIO_AF_8
MotorControl.OCPB_OUTPUT_GPIO_PIN=LL_GPIO_PIN_2
MotorControl.OCPB_OUTPUT_GPIO_PORT=GPIOA
MotorControl.OCPB_OUTPUT_MODE=INT_MODE
MotorControl.OCPB_SELECTION=COMP2
MotorControl.OCPC_INVERTINGINPUT=COMPX_InvertingInput_VREF
MotorControl.OCPC_INVERTINGINPUT_GPIO_PIN=LL_GPIO_PIN_4
MotorControl.OCPC_INVERTINGINPUT_GPIO_PORT=GPIOA
MotorControl.OCPC_INVERTINGINPUT_MODE=INT_MODE
MotorControl.OCPC_NONINVERTINGINPUT=COMP3_NonInvertingInput_PD14
MotorControl.OCPC_NONINVERTINGINPUT_GPIO_PIN=LL_GPIO_PIN_14
MotorControl.OCPC_NONINVERTINGINPUT_GPIO_PORT=GPIOD
MotorControl.OCPC_OUTPUT=COMP_Output_TIM1BKIN2
MotorControl.OCPC_OUTPUTPOL=COMP_OutputPol_NonInverted
MotorControl.OCPC_OUTPUT_GPIO_AF=GPIO_AF_7
MotorControl.OCPC_OUTPUT_GPIO_PIN=LL_GPIO_PIN_8
MotorControl.OCPC_OUTPUT_GPIO_PORT=GPIOC
MotorControl.OCPC_OUTPUT_MODE=INT_MODE
MotorControl.OCPC_SELECTION=COMP3
MotorControl.OCPREF=23830
MotorControl.OCP_COMP_THRESHOLD=0.50
MotorControl.OCP_FILTER=COMP_Mode_HighSpeed
MotorControl.OCP_INVERTINGINPUT=COMPX_InvertingInput_VREF
MotorControl.OCP_INVERTINGINPUT_GPIO_PIN=LL_GPIO_PIN_4
MotorControl.OCP_INVERTINGINPUT_GPIO_PORT=GPIOA
MotorControl.OCP_INVERTINGINPUT_MODE=INT_MODE
MotorControl.OCP_NONINVERTINGINPUT=COMP2_NonInvertingInput_PA7
MotorControl.OCP_NONINVERTINGINPUT_GPIO_PIN=LL_GPIO_PIN_7
MotorControl.OCP_NONINVERTINGINPUT_GPIO_PORT=GPIOA
MotorControl.OCP_OUTPUT=COMP_Output_TIM1BKIN2
MotorControl.OCP_OUTPUTPOL=COMP_OutputPol_NonInverted
MotorControl.OCP_OUTPUT_GPIO_AF=GPIO_AF_8
MotorControl.OCP_OUTPUT_GPIO_PIN=LL_GPIO_PIN_2
MotorControl.OCP_OUTPUT_GPIO_PORT=GPIOA
MotorControl.OCP_OUTPUT_MODE=INT_MODE
MotorControl.OCP_SELECTION=COMP2
MotorControl.OFST={0,0,0,0,0,0,0,0}
MotorControl.ON_OVER_VOLTAGE=TURN_OFF_PWM
MotorControl.OPAMP1_INVERTINGINPUT=OPAMP1_InvertingInput_PGA
MotorControl.OPAMP1_INVERTINGINPUT_GPIO_PIN=LL_GPIO_PIN_3
MotorControl.OPAMP1_INVERTINGINPUT_GPIO_PORT=GPIOA
MotorControl.OPAMP1_INVERTINGINPUT_MODE=INT_MODE
MotorControl.OPAMP1_NONINVERTINGINPUT_PHA=OPAMP1_NonInvertingInput_PA1
MotorControl.OPAMP1_NONINVERTINGINPUT_PHA_GPIO_PIN=LL_GPIO_PIN_1
MotorControl.OPAMP1_NONINVERTINGINPUT_PHA_GPIO_PORT=GPIOA
MotorControl.OPAMP1_NONINVERTINGINPUT_PHB=OPAMP1_NonInvertingInput_PA7
MotorControl.OPAMP1_NONINVERTINGINPUT_PHB_GPIO_PIN=LL_GPIO_PIN_7
MotorControl.OPAMP1_NONINVERTINGINPUT_PHB_GPIO_PORT=GPIOA
MotorControl.OPAMP1_OUT_GPIO_PIN=LL_GPIO_PIN_2
MotorControl.OPAMP1_OUT_GPIO_PORT=GPIOA
MotorControl.OPAMP1_SELECTION=OPAMP1
MotorControl.OPAMP2_INVERTINGINPUT=OPAMP2_InvertingInput_PGA
MotorControl.OPAMP2_INVERTINGINPUT_GPIO_PIN=LL_GPIO_PIN_5
MotorControl.OPAMP2_INVERTINGINPUT_GPIO_PORT=GPIOC
MotorControl.OPAMP2_INVERTINGINPUT_MODE=INT_MODE
MotorControl.OPAMP2_NONINVERTINGINPUT_PHA=OPAMP2_NonInvertingInput_PB14
MotorControl.OPAMP2_NONINVERTINGINPUT_PHA_GPIO_PIN=LL_GPIO_PIN_14
MotorControl.OPAMP2_NONINVERTINGINPUT_PHA_GPIO_PORT=GPIOB
MotorControl.OPAMP2_NONINVERTINGINPUT_PHB=OPAMP2_NonInvertingInput_PA7
MotorControl.OPAMP2_NONINVERTINGINPUT_PHB_GPIO_PIN=LL_GPIO_PIN_7
MotorControl.OPAMP2_NONINVERTINGINPUT_PHB_GPIO_PORT=GPIOA
MotorControl.OPAMP2_NONINVERTINGINPUT_PHC=OPAMP2_NonInvertingInput_PB14
MotorControl.OPAMP2_NONINVERTINGINPUT_PHC_GPIO_PIN=LL_GPIO_PIN_14
MotorControl.OPAMP2_NONINVERTINGINPUT_PHC_GPIO_PORT=GPIOB
MotorControl.OPAMP2_OUT_GPIO_PIN=LL_GPIO_PIN_6
MotorControl.OPAMP2_OUT_GPIO_PORT=GPIOA
MotorControl.OPAMP2_SELECTION=OPAMP2
MotorControl.OPAMP3_INVERTINGINPUT=OPAMP1_InvertingInput_PGA
MotorControl.OPAMP3_INVERTINGINPUT_GPIO_PIN=LL_GPIO_PIN_0
MotorControl.OPAMP3_INVERTINGINPUT_GPIO_PORT=GPIOA
MotorControl.OPAMP3_INVERTINGINPUT_MODE=INT_MODE
MotorControl.OPAMP3_SELECTION=OPAMP1
MotorControl.OPAMP_INVERTINGINPUT=OPAMP1_InvertingInput_PGA
MotorControl.OPAMP_INVERTINGINPUT_GPIO_PIN=LL_GPIO_PIN_3
MotorControl.OPAMP_INVERTINGINPUT_GPIO_PORT=GPIOA
MotorControl.OPAMP_INVERTINGINPUT_MODE=INT_MODE
MotorControl.OPAMP_NONINVERTINGINPUT=OPAMP1_NonInvertingInput_PA7
MotorControl.OPAMP_NONINVERTINGINPUT_GPIO_PIN=LL_GPIO_PIN_7
MotorControl.OPAMP_NONINVERTINGINPUT_GPIO_PORT=GPIOA
MotorControl.OPAMP_OUT_GPIO_PIN=LL_GPIO_PIN_2
MotorControl.OPAMP_OUT_GPIO_PORT=GPIOA
MotorControl.OPAMP_PGACONNECT=OPAMP_PGAConnect_No
MotorControl.OPAMP_PGAGAIN=OPAMP_OPAMP_PGAGain_2
MotorControl.OPAMP_SELECTION=OPAMP1
MotorControl.OPAMP_TYPE_GAIN=INTERNAL
MotorControl.OPEN_LOOP_FOC=false
MotorControl.OPEN_LOOP_K=44
MotorControl.OPEN_LOOP_OFF=4400
MotorControl.OPEN_LOOP_SPEED_RAMP_DURATION_MS=1000
MotorControl.OPEN_LOOP_SPEED_RPM=100
MotorControl.OPEN_LOOP_VF=false
MotorControl.OPEN_LOOP_VOLTAGE_d=6000
MotorControl.OVERCURR_FEEDBACK_POLARITY=EMSTOP_ACTIVE_LOW
MotorControl.OVERCURR_PROTECTION_HW_DISABLING=DOUT_ACTIVE_HIGH
MotorControl.OVPREF=23830
MotorControl.OVP_FILTER=COMP_Mode_HighSpeed
MotorControl.OVP_INVERTINGINPUT=COMPX_InvertingInput_VREF
MotorControl.OVP_INVERTINGINPUT_GPIO_PIN=LL_GPIO_PIN_4
MotorControl.OVP_INVERTINGINPUT_GPIO_PORT=GPIOA
MotorControl.OVP_INVERTINGINPUT_MODE=INT_MODE
MotorControl.OVP_NONINVERTINGINPUT=COMP7_NonInvertingInput_PA0
MotorControl.OVP_NONINVERTINGINPUT_GPIO_PIN=LL_GPIO_PIN_0
MotorControl.OVP_NONINVERTINGINPUT_GPIO_PORT=GPIOA
MotorControl.OVP_OUTPUT=COMP_Output_TIM1BKIN
MotorControl.OVP_OUTPUTPOL=COMP_OutputPol_NonInverted
MotorControl.OVP_OUTPUT_GPIO_AF=GPIO_AF_3
MotorControl.OVP_OUTPUT_GPIO_PIN=LL_GPIO_PIN_2
MotorControl.OVP_OUTPUT_GPIO_PORT=GPIOC
MotorControl.OVP_OUTPUT_MODE=INT_MODE
MotorControl.OVP_SELECTION=COMP7
MotorControl.OV_CURR_BYPASS_GPIO_PIN=LL_GPIO_PIN_5
MotorControl.OV_CURR_BYPASS_GPIO_PORT=GPIOE
MotorControl.OV_TEMPERATURE_HYSTERESIS_C=10
MotorControl.OV_TEMPERATURE_PROT_ENABLING=true
MotorControl.OV_TEMPERATURE_THRESHOLD_C=70
MotorControl.OV_VOLTAGE_PROT_ENABLING=true
MotorControl.OV_VOLTAGE_THRESHOLD_V=60
MotorControl.PHASE1_DURATION=0
MotorControl.PHASE1_FINAL_CURRENT=0
MotorControl.PHASE1_FINAL_SPEED_RPM=0
MotorControl.PHASE2_DURATION=0
MotorControl.PHASE2_FINAL_CURRENT=635
MotorControl.PHASE2_FINAL_SPEED_RPM=0
MotorControl.PHASE3_DURATION=1000
MotorControl.PHASE3_FINAL_CURRENT=1588
MotorControl.PHASE3_FINAL_SPEED_RPM=1000
MotorControl.PHASE4_DURATION=0
MotorControl.PHASE4_FINAL_CURRENT=1588
MotorControl.PHASE4_FINAL_SPEED_RPM=1000
MotorControl.PHASE5_DURATION=0
MotorControl.PHASE5_FINAL_CURRENT=1588
MotorControl.PHASE5_FINAL_SPEED_RPM=1000
MotorControl.PHASE_CURRENTS_ADC=ADC1_2
MotorControl.PHASE_CURRENTS_CHANNEL=ADC_CHANNEL_9
MotorControl.PHASE_CURRENTS_GPIO_PIN=LL_GPIO_PIN_1
MotorControl.PHASE_CURRENTS_GPIO_PORT=GPIOB
MotorControl.PHASE_UH_GPIO_AF=GPIO_AF_6
MotorControl.PHASE_UH_GPIO_PIN=LL_GPIO_PIN_8
MotorControl.PHASE_UH_GPIO_PORT=GPIOA
MotorControl.PHASE_UH_POLARITY=H_ACTIVE_HIGH
MotorControl.PHASE_UL_GPIO_AF=GPIO_AF_6
MotorControl.PHASE_UL_GPIO_PIN=LL_GPIO_PIN_13
MotorControl.PHASE_UL_GPIO_PORT=GPIOB
MotorControl.PHASE_UL_POLARITY=L_ACTIVE_HIGH
MotorControl.PHASE_U_CURR_ADC=ADC123
MotorControl.PHASE_U_CURR_CHANNEL=ADC_CHANNEL_3
MotorControl.PHASE_U_GPIO_PIN=LL_GPIO_PIN_3
MotorControl.PHASE_U_GPIO_PORT=GPIOA
MotorControl.PHASE_VH_GPIO_AF=GPIO_AF_6
MotorControl.PHASE_VH_GPIO_PIN=LL_GPIO_PIN_9
MotorControl.PHASE_VH_GPIO_PORT=GPIOA
MotorControl.PHASE_VH_POLARITY=H_ACTIVE_HIGH
MotorControl.PHASE_VL_GPIO_AF=GPIO_AF_6
MotorControl.PHASE_VL_GPIO_PIN=LL_GPIO_PIN_14
MotorControl.PHASE_VL_GPIO_PORT=GPIOB
MotorControl.PHASE_VL_POLARITY=L_ACTIVE_HIGH
MotorControl.PHASE_V_CURR_ADC=ADC1_2
MotorControl.PHASE_V_CURR_CHANNEL=ADC_CHANNEL_4
MotorControl.PHASE_V_GPIO_PIN=LL_GPIO_PIN_4
MotorControl.PHASE_V_GPIO_PORT=GPIOA
MotorControl.PHASE_WH_GPIO_AF=GPIO_AF_6
MotorControl.PHASE_WH_GPIO_PIN=LL_GPIO_PIN_10
MotorControl.PHASE_WH_GPIO_PORT=GPIOA
MotorControl.PHASE_WH_POLARITY=H_ACTIVE_HIGH
MotorControl.PHASE_WL_GPIO_AF=GPIO_AF_4
MotorControl.PHASE_WL_GPIO_PIN=LL_GPIO_PIN_15
MotorControl.PHASE_WL_GPIO_PORT=GPIOB
MotorControl.PHASE_WL_POLARITY=L_ACTIVE_HIGH
MotorControl.PHASE_W_CURR_ADC=ADC1_2
MotorControl.PHASE_W_CURR_CHANNEL=ADC_CHANNEL_5
MotorControl.PHASE_W_GPIO_PIN=LL_GPIO_PIN_5
MotorControl.PHASE_W_GPIO_PORT=GPIOA
MotorControl.PID_FLUX_KD_DEFAULT=100
MotorControl.PID_FLUX_KI_DEFAULT=1995
MotorControl.PID_FLUX_KP_DEFAULT=3649
MotorControl.PID_SPEED_KD_DEFAULT=0
MotorControl.PID_SPEED_KI_DEFAULT=50
MotorControl.PID_SPEED_KP_DEFAULT=400
MotorControl.PID_TORQUE_KD_DEFAULT=100
MotorControl.PID_TORQUE_KI_DEFAULT=50
MotorControl.PID_TORQUE_KP_DEFAULT=200
MotorControl.PLL_KI_GAIN=55
MotorControl.PLL_KP_GAIN=1247
MotorControl.POLE_PAIR_NUM=15
MotorControl.POSITION_CTRL_ENABLING=false
MotorControl.PWBDID=0
MotorControl.PWM_FREQUENCY=16000
MotorControl.PWM_TIMER_REMAPPING=PWM_NO_REMAP
MotorControl.PWM_TIMER_SELECTION=PWM_TIM1
MotorControl.REGCONVADC=ADC1
MotorControl.REGULATION_EXECUTION_RATE=1
MotorControl.RS=0.07
MotorControl.RSHUNT=0.00200
MotorControl.RTOS=FREERTOS
MotorControl.RTOS_TIMER=TIM4
MotorControl.RTOS_USE_IRQ=false
MotorControl.R_BRAKE_GPIO_PIN=LL_GPIO_PIN_5
MotorControl.R_BRAKE_GPIO_PORT=GPIOE
MotorControl.R_BRAKE_SWITCH_OFF_THRES_V=48
MotorControl.SEGDIV=0
MotorControl.SERIAL_COMMUNICATION=true
MotorControl.SERIAL_COM_CHANNEL1=MC_PROTOCOL_REG_I_A
MotorControl.SERIAL_COM_CHANNEL2=MC_PROTOCOL_REG_I_A
MotorControl.SERIAL_COM_MODE=COM_BIDIRECTIONAL
MotorControl.SERIAL_COM_MOTOR=0
MotorControl.SHARED_SIGNAL_ENABLE=false
MotorControl.SINGLEDRIVE=true
MotorControl.SPD_DIFFERENTIAL_TERM_ENABLING=false
MotorControl.SPEED_BAND_LOWER_LIMIT=15
MotorControl.SPEED_BAND_UPPER_LIMIT=17
MotorControl.SPEED_LOOP_FREQUENCY_HZ=1000
MotorControl.SPEED_SENSOR_SELECTION=STATE_OBSERVER_CORDIC
MotorControl.SP_KDDIV=16
MotorControl.SP_KIDIV=256
MotorControl.SP_KPDIV=16
MotorControl.STARTING_ANGLE_DEG=0
MotorControl.START_STOP_BTN=false
MotorControl.START_STOP_GPIO_PIN=LL_GPIO_PIN_15
MotorControl.START_STOP_GPIO_PORT=GPIOC
MotorControl.START_STOP_POLARITY=DIN_ACTIVE_LOW
MotorControl.START_STOP_POLARITY_EDGE=GPIO_NOPULL
MotorControl.STATE_OBSERVER_CORDIC=true
MotorControl.STM32F103x_HD=true
MotorControl.STO_FIFO_DEPTH_01HZ=64
MotorControl.STO_FIFO_DEPTH_DPP=64
MotorControl.STO_HFI_RPM_TH=460
MotorControl.SW_DEADTIME_NS=500
MotorControl.SW_OV_CURRENT_PROT_ENABLING=false
MotorControl.T0_C=25
MotorControl.TEMPERATURE_READING=true
MotorControl.TEMP_ADC_SAMPLING_TIME=1
MotorControl.TEMP_FDBK_ADC=ADC1
MotorControl.TEMP_FDBK_CHANNEL=ADC_CHANNEL_0
MotorControl.TEMP_FDBK_GPIO_PIN=LL_GPIO_PIN_0
MotorControl.TEMP_FDBK_GPIO_PORT=GPIOA
MotorControl.TFDIFFERENTIAL_TERM_ENABLING=false
MotorControl.TF_KDDIV=8192
MotorControl.TF_KIDIV=16384
MotorControl.TF_KPDIV=1024
MotorControl.THREE_SHUNT=true
MotorControl.TNOISE_NS=2550
MotorControl.TRANSITION_DURATION=25
MotorControl.TRISE_NS=2550
MotorControl.T_MAX=70
MotorControl.UD_VOLTAGE_THRESHOLD_V=10
MotorControl.USART_REMAPPING=NO_REMAP_USART3
MotorControl.USART_RX_GPIO_PIN=LL_GPIO_PIN_11
MotorControl.USART_RX_GPIO_PORT=GPIOB
MotorControl.USART_SELECTION=USE_USART3
MotorControl.USART_SPEED=115200
MotorControl.USART_TX_GPIO_PIN=LL_GPIO_PIN_10
MotorControl.USART_TX_GPIO_PORT=GPIOB
MotorControl.USE_3OPAMPS=false
MotorControl.USE_INTERNAL_OPAMP=false
MotorControl.UV_VOLTAGE_PROT_ENABLING=true
MotorControl.V0_V=1.650
MotorControl.VARIANCE_THRESHOLD=0.1
MotorControl.VBUS_ADC=ADC1
MotorControl.VBUS_ADC_SAMPLING_TIME=1
MotorControl.VBUS_CHANNEL=ADC_CHANNEL_2
MotorControl.VBUS_GPIO_PIN=LL_GPIO_PIN_2
MotorControl.VBUS_GPIO_PORT=GPIOA
MotorControl.VBUS_PARTITIONING_FACTOR=0.0584
MotorControl.WB_to_Mx_template_version=20-11-05
MotorControl.WB_to_Mx_version=1.2.2
MotorControl.dV_dT=0.031
MxCube.Version=6.1.0
MxDb.Version=DB.6.0.10
NVIC.ADC1_2_IRQn=true\:2\:0\:true\:true\:false\:1\:false\:true\:true
NVIC.BusFault_IRQn=true\:0\:0\:false\:false\:false\:false\:true\:false
NVIC.DMA1_Channel1_IRQn=true\:0\:0\:true\:true\:false\:4\:false\:true\:true
NVIC.DebugMonitor_IRQn=true\:0\:0\:false\:false\:false\:false\:true\:false
NVIC.ForceEnableDMAVector=true
NVIC.HardFault_IRQn=true\:0\:0\:false\:false\:false\:false\:true\:false
NVIC.MemoryManagement_IRQn=true\:0\:0\:false\:false\:false\:false\:true\:false
NVIC.NonMaskableInt_IRQn=true\:0\:0\:false\:false\:false\:false\:true\:false
NVIC.PendSV_IRQn=true\:15\:0\:false\:false\:false\:true\:true\:false
NVIC.PriorityGroup=NVIC_PRIORITYGROUP_4
NVIC.SVCall_IRQn=true\:0\:0\:false\:false\:false\:false\:true\:false
NVIC.SavedPendsvIrqHandlerGenerated=true
NVIC.SavedSvcallIrqHandlerGenerated=true
NVIC.SavedSystickIrqHandlerGenerated=true
NVIC.SysTick_IRQn=true\:15\:0\:true\:false\:false\:true\:true\:true
NVIC.TIM1_BRK_IRQn=true\:4\:0\:true\:true\:false\:3\:false\:true\:true
NVIC.TIM1_UP_IRQn=true\:0\:0\:true\:true\:false\:2\:false\:true\:true
NVIC.TIM4_IRQn=true\:0\:0\:false\:false\:true\:false\:false\:true
NVIC.TimeBase=TIM4_IRQn
NVIC.TimeBaseIP=TIM4
NVIC.USART3_IRQn=true\:3\:0\:true\:true\:false\:5\:false\:true\:true
NVIC.UsageFault_IRQn=true\:0\:0\:false\:false\:false\:false\:true\:false
PA0-WKUP.GPIOParameters=GPIO_Label
PA0-WKUP.GPIO_Label=M1_TEMPERATURE
PA0-WKUP.Locked=true
PA0-WKUP.Signal=ADCx_IN0
PA10.GPIOParameters=GPIO_Speed,GPIO_PuPd,GPIO_Label
PA10.GPIO_Label=M1_PWM_WH
PA10.GPIO_PuPd=GPIO_PULLDOWN
PA10.GPIO_Speed=GPIO_SPEED_FREQ_HIGH
PA10.Locked=true
PA10.Signal=S_TIM1_CH3
PA13.Locked=true
PA13.Mode=Serial_Wire
PA13.Signal=SYS_JTMS-SWDIO
PA14.Locked=true
PA14.Mode=Serial_Wire
PA14.Signal=SYS_JTCK-SWCLK
PA2.GPIOParameters=GPIO_Label
PA2.GPIO_Label=M1_BUS_VOLTAGE
PA2.Locked=true
PA2.Signal=ADCx_IN2
PA3.GPIOParameters=GPIO_Label
PA3.GPIO_Label=M1_CURR_AMPL_U
PA3.Locked=true
PA3.Signal=SharedAnalog_PA3
PA4.GPIOParameters=GPIO_Label
PA4.GPIO_Label=M1_CURR_AMPL_V
PA4.Locked=true
PA4.Signal=SharedAnalog_PA4
PA5.GPIOParameters=GPIO_Label
PA5.GPIO_Label=M1_CURR_AMPL_W
PA5.Locked=true
PA5.Signal=SharedAnalog_PA5
PA8.GPIOParameters=GPIO_Speed,GPIO_PuPd,GPIO_Label
PA8.GPIO_Label=M1_PWM_UH
PA8.GPIO_PuPd=GPIO_PULLDOWN
PA8.GPIO_Speed=GPIO_SPEED_FREQ_HIGH
PA8.Locked=true
PA8.Signal=S_TIM1_CH1
PA9.GPIOParameters=GPIO_Speed,GPIO_PuPd,GPIO_Label
PA9.GPIO_Label=M1_PWM_VH
PA9.GPIO_PuPd=GPIO_PULLDOWN
PA9.GPIO_Speed=GPIO_SPEED_FREQ_HIGH
PA9.Locked=true
PA9.Signal=S_TIM1_CH2
PB10.GPIOParameters=GPIO_Speed,GPIO_PuPd,GPIO_Label,GPIO_Mode
PB10.GPIO_Label=UART_TX
PB10.GPIO_Mode=GPIO_MODE_AF_PP
PB10.GPIO_PuPd=GPIO_NOPULL
PB10.GPIO_Speed=GPIO_SPEED_FREQ_LOW
PB10.Locked=true
PB10.Mode=Asynchronous
PB10.Signal=USART3_TX
PB11.GPIOParameters=GPIO_Speed,GPIO_PuPd,GPIO_Label,GPIO_Mode
PB11.GPIO_Label=UART_RX
PB11.GPIO_Mode=GPIO_MODE_INPUT
PB11.GPIO_PuPd=GPIO_NOPULL
PB11.GPIO_Speed=GPIO_SPEED_FREQ_LOW
PB11.Locked=true
PB11.Mode=Asynchronous
PB11.Signal=USART3_RX
PB13.GPIOParameters=GPIO_Speed,GPIO_PuPd,GPIO_Label
PB13.GPIO_Label=M1_PWM_UL
PB13.GPIO_PuPd=GPIO_PULLDOWN
PB13.GPIO_Speed=GPIO_SPEED_FREQ_HIGH
PB13.Locked=true
PB13.Mode=PWM Generation1 CH1 CH1N
PB13.Signal=TIM1_CH1N
PB14.GPIOParameters=GPIO_Speed,GPIO_PuPd,GPIO_Label
PB14.GPIO_Label=M1_PWM_VL
PB14.GPIO_PuPd=GPIO_PULLDOWN
PB14.GPIO_Speed=GPIO_SPEED_FREQ_HIGH
PB14.Locked=true
PB14.Mode=PWM Generation2 CH2 CH2N
PB14.Signal=TIM1_CH2N
PB15.GPIOParameters=GPIO_Speed,GPIO_PuPd,GPIO_Label
PB15.GPIO_Label=M1_PWM_WL
PB15.GPIO_PuPd=GPIO_PULLDOWN
PB15.GPIO_Speed=GPIO_SPEED_FREQ_HIGH
PB15.Locked=true
PB15.Mode=PWM Generation3 CH3 CH3N
PB15.Signal=TIM1_CH3N
PB6.Mode=Half_duplex(single_wire_mode)
PB6.Signal=USART1_TX
PC14-OSC32_IN.GPIOParameters=GPIO_Label
PC14-OSC32_IN.GPIO_Label=PWR_BTN
PC14-OSC32_IN.Locked=true
PC14-OSC32_IN.Signal=GPIO_Input
PC15-OSC32_OUT.GPIOParameters=PinState,GPIO_Label
PC15-OSC32_OUT.GPIO_Label=TPS_ENA
PC15-OSC32_OUT.Locked=true
PC15-OSC32_OUT.PinState=GPIO_PIN_SET
PC15-OSC32_OUT.Signal=GPIO_Output
PD1-OSC_OUT.GPIOParameters=GPIO_Label
PD1-OSC_OUT.GPIO_Label=LED
PD1-OSC_OUT.Locked=true
PD1-OSC_OUT.Signal=GPIO_Output
PinOutPanel.RotationAngle=0
ProjectManager.AskForMigrate=true
ProjectManager.BackupPrevious=false
ProjectManager.CompilerOptimize=5
ProjectManager.ComputerToolchain=false
ProjectManager.CoupleFile=false
ProjectManager.CustomerFirmwarePackage=
ProjectManager.DefaultFWLocation=true
ProjectManager.DeletePrevious=true
ProjectManager.DeviceId=STM32F103C8Tx
ProjectManager.FirmwarePackage=STM32Cube FW_F1 V1.8.3
ProjectManager.FreePins=false
ProjectManager.HalAssertFull=false
ProjectManager.HeapSize=0x200
ProjectManager.KeepUserCode=true
ProjectManager.LastFirmware=false
ProjectManager.LibraryCopy=0
ProjectManager.MainLocation=Src
ProjectManager.NoMain=false
ProjectManager.PreviousToolchain=
ProjectManager.ProjectBuild=false
ProjectManager.ProjectFileName=m365.ioc
ProjectManager.ProjectName=m365
ProjectManager.RegisterCallBack=
ProjectManager.StackSize=0x400
ProjectManager.TargetToolchain=STM32CubeIDE
ProjectManager.ToolChainLocation=
ProjectManager.UnderRoot=false
ProjectManager.functionlistsort=1-MX_GPIO_Init-GPIO-false-HAL-true,2-MX_DMA_Init-DMA-false-HAL-true,3-SystemClock_Config-RCC-false-HAL-false,4-MX_ADC1_Init-ADC1-false-HAL-true,5-MX_ADC2_Init-ADC2-false-HAL-true,6-MX_TIM1_Init-TIM1-false-HAL-true,7-MX_USART1_UART_Init-USART1-false-HAL-true,8-MX_USART3_UART_Init-USART3-false-HAL-true,9-MX_MotorControl_Init-MotorControl-false-HAL-false
ProjectManager.iocOrigin=MotorControl
RCC.ADCFreqValue=10666666.666666666
RCC.ADCPresc=RCC_ADCPCLK2_DIV6
RCC.AHBFreq_Value=64000000
RCC.APB1CLKDivider=RCC_HCLK_DIV2
RCC.APB1Freq_Value=32000000
RCC.APB1TimFreq_Value=64000000
RCC.APB2Freq_Value=64000000
RCC.APB2TimFreq_Value=64000000
RCC.EnbaleCSS=true
RCC.FCLKCortexFreq_Value=64000000
RCC.FamilyName=M
RCC.HCLKFreq_Value=64000000
RCC.IPParameters=ADCFreqValue,ADCPresc,AHBFreq_Value,APB1CLKDivider,APB1Freq_Value,APB1TimFreq_Value,APB2Freq_Value,APB2TimFreq_Value,EnbaleCSS,FCLKCortexFreq_Value,FamilyName,HCLKFreq_Value,MCOFreq_Value,PLLCLKFreq_Value,PLLMCOFreq_Value,PLLMUL,RTCClockSelection,RTCFreq_Value,SYSCLKFreq_VALUE,SYSCLKSource,TimSysFreq_Value,USBFreq_Value,VCOOutput2Freq_Value
RCC.MCOFreq_Value=64000000
RCC.PLLCLKFreq_Value=64000000
RCC.PLLMCOFreq_Value=32000000
RCC.PLLMUL=RCC_PLL_MUL16
RCC.RTCClockSelection=RCC_RTCCLKSOURCE_LSI
RCC.RTCFreq_Value=40000
RCC.SYSCLKFreq_VALUE=64000000
RCC.SYSCLKSource=RCC_SYSCLKSOURCE_PLLCLK
RCC.TimSysFreq_Value=64000000
RCC.USBFreq_Value=64000000
RCC.VCOOutput2Freq_Value=4000000
SH.ADCx_IN0.0=ADC1_IN0,IN0
SH.ADCx_IN0.ConfNb=1
SH.ADCx_IN2.0=ADC1_IN2,IN2
SH.ADCx_IN2.ConfNb=1
SH.S_TIM1_CH1.0=TIM1_CH1,PWM Generation1 CH1 CH1N
SH.S_TIM1_CH1.ConfNb=1
SH.S_TIM1_CH2.0=TIM1_CH2,PWM Generation2 CH2 CH2N
SH.S_TIM1_CH2.ConfNb=1
SH.S_TIM1_CH3.0=TIM1_CH3,PWM Generation3 CH3 CH3N
SH.S_TIM1_CH3.ConfNb=1
SH.SharedAnalog_PA3.0=ADC1_IN3,IN3
SH.SharedAnalog_PA3.1=ADC2_IN3,IN3
SH.SharedAnalog_PA3.ConfNb=2
SH.SharedAnalog_PA4.0=ADC1_IN4,IN4
SH.SharedAnalog_PA4.1=ADC2_IN4,IN4
SH.SharedAnalog_PA4.ConfNb=2
SH.SharedAnalog_PA5.0=ADC1_IN5,IN5
SH.SharedAnalog_PA5.1=ADC2_IN5,IN5
SH.SharedAnalog_PA5.ConfNb=2
TIM1.AutomaticOutput=TIM_AUTOMATICOUTPUT_DISABLE
TIM1.BreakPolarity=TIM_BREAKPOLARITY_LOW
TIM1.BreakState=TIM_BREAK_DISABLE
TIM1.Channel-PWM\ Generation1\ CH1\ CH1N=TIM_CHANNEL_1
TIM1.Channel-PWM\ Generation2\ CH2\ CH2N=TIM_CHANNEL_2
TIM1.Channel-PWM\ Generation3\ CH3\ CH3N=TIM_CHANNEL_3
TIM1.Channel-PWM\ Generation4\ No\ Output=TIM_CHANNEL_4
TIM1.ClockDivision=TIM_CLOCKDIVISION_DIV2
TIM1.CounterMode=TIM_COUNTERMODE_CENTERALIGNED1
TIM1.DeadTime=((DEAD_TIME_COUNTS) / 2)
TIM1.IPParameters=BreakState,BreakPolarity,ClockDivision,CounterMode,LockLevel,OCMode_PWM-PWM Generation4 No Output,OffStateIDLEMode,OffStateRunMode,TIM_MasterOutputTrigger,AutomaticOutput,TIM_MasterSlaveMode,OCPolarity_1,OCPolarity_2,OCPolarity_3,OCIdleState_1,OCIdleState_2,OCIdleState_3,OCNPolarity_1,OCNPolarity_2,OCNPolarity_3,OCNIdleState_1,OCNIdleState_2,OCNIdleState_3,Channel-PWM Generation1 CH1 CH1N,Channel-PWM Generation2 CH2 CH2N,Channel-PWM Generation3 CH3 CH3N,Channel-PWM Generation4 No Output,Period,Prescaler,Pulse-PWM Generation1 CH1,Pulse-PWM Generation2 CH2,Pulse-PWM Generation3 CH3,Pulse-PWM Generation4 No Output,RepetitionCounter,DeadTime
TIM1.IPParametersWithoutCheck=Pulse-PWM Generation4 No Output,RepetitionCounter,DeadTime,Pulse-PWM Generation1 CH1,Pulse-PWM Generation2 CH2,Pulse-PWM Generation3 CH3,Prescaler,Period
TIM1.LockLevel=TIM_LOCKLEVEL_1
TIM1.OCIdleState_1=TIM_OCIDLESTATE_RESET
TIM1.OCIdleState_2=TIM_OCIDLESTATE_RESET
TIM1.OCIdleState_3=TIM_OCIDLESTATE_RESET
TIM1.OCMode_PWM-PWM\ Generation4\ No\ Output=TIM_OCMODE_PWM2
TIM1.OCNIdleState_1=TIM_OCNIDLESTATE_RESET
TIM1.OCNIdleState_2=TIM_OCNIDLESTATE_RESET
TIM1.OCNIdleState_3=TIM_OCNIDLESTATE_RESET
TIM1.OCNPolarity_1=TIM_OCNPOLARITY_HIGH
TIM1.OCNPolarity_2=TIM_OCNPOLARITY_HIGH
TIM1.OCNPolarity_3=TIM_OCNPOLARITY_HIGH
TIM1.OCPolarity_1=TIM_OCPOLARITY_HIGH
TIM1.OCPolarity_2=TIM_OCPOLARITY_HIGH
TIM1.OCPolarity_3=TIM_OCPOLARITY_HIGH
TIM1.OffStateIDLEMode=TIM_OSSI_ENABLE
TIM1.OffStateRunMode=TIM_OSSR_ENABLE
TIM1.Period=((PWM_PERIOD_CYCLES) / 2)
TIM1.Prescaler=((TIM_CLOCK_DIVIDER) - 1)
TIM1.Pulse-PWM\ Generation1\ CH1=((PWM_PERIOD_CYCLES) / 4)
TIM1.Pulse-PWM\ Generation2\ CH2=((PWM_PERIOD_CYCLES) / 4)
TIM1.Pulse-PWM\ Generation3\ CH3=((PWM_PERIOD_CYCLES) / 4)
TIM1.Pulse-PWM\ Generation4\ No\ Output=(((PWM_PERIOD_CYCLES) / 2) - (HTMIN))
TIM1.RepetitionCounter=(REP_COUNTER)
TIM1.TIM_MasterOutputTrigger=TIM_TRGO_RESET
TIM1.TIM_MasterSlaveMode=TIM_MASTERSLAVEMODE_DISABLE
USART1.IPParameters=VirtualMode
USART1.VirtualMode=VM_ASYNC
USART3.BaudRate=115200
USART3.IPParameters=BaudRate,WordLength,VirtualMode-Asynchronous,VirtualMode
USART3.VirtualMode=VM_ASYNC
USART3.VirtualMode-Asynchronous=VM_ASYNC
USART3.WordLength=WORDLENGTH_8B
VP_FREERTOS_VS_CMSIS_V2.Mode=CMSIS_V2
VP_FREERTOS_VS_CMSIS_V2.Signal=FREERTOS_VS_CMSIS_V2
VP_MotorControl_MC_ENABLED.Mode=Enabled
VP_MotorControl_MC_ENABLED.Signal=MotorControl_MC_ENABLED
VP_SYS_VS_tim4.Mode=TIM4
VP_SYS_VS_tim4.Signal=SYS_VS_tim4
VP_TIM1_VS_ClockSourceITR.Mode=TriggerSource_ITR1
VP_TIM1_VS_ClockSourceITR.Signal=TIM1_VS_ClockSourceITR
VP_TIM1_VS_ControllerModeTrigger.Mode=Trigger Mode
VP_TIM1_VS_ControllerModeTrigger.Signal=TIM1_VS_ControllerModeTrigger
VP_TIM1_VS_no_output4.Mode=PWM Generation4 No Output
VP_TIM1_VS_no_output4.Signal=TIM1_VS_no_output4
board=custom
