#MicroXplorer Configuration settings - do not modify
ADC1.Channel-1\#ChannelInjectedConversion=ADC_CHANNEL_3
ADC1.Channel-1\#ChannelRegularConversion=ADC_CHANNEL_2
ADC1.Channel-2\#ChannelInjectedConversion=ADC_CHANNEL_4
ADC1.Channel-2\#ChannelRegularConversion=ADC_CHANNEL_0
ADC1.Channel-3\#ChannelInjectedConversion=ADC_CHANNEL_5
ADC1.ContinuousConvMode=DISABLE
ADC1.DataAlign=ADC_DATAALIGN_LEFT
ADC1.DiscontinuousConvMode=DISABLE
ADC1.EnableAnalogWatchDog=false
ADC1.EnableInjectedConversion=ENABLE
ADC1.EnableRegularConversion=ENABLE
ADC1.ExternalTrigConv=ADC_SOFTWARE_START
ADC1.ExternalTrigConvEdge=ADC_EXTERNALTRIGCONVEDGE_NONE
ADC1.ExternalTrigInjecConv=ADC_EXTERNALTRIGINJECCONV_T1_CC4
ADC1.ExternalTrigInjecConvEdge=ADC_EXTERNALTRIGINJECCONVEDGE_RISING
ADC1.IPParameters=DataAlign,DiscontinuousConvMode,EnableAnalogWatchDog,Mode,ContinuousConvMode,EnableInjectedConversion,InjectedConvMode,ExternalTrigInjecConv,ExternalTrigInjecConvEdge,InjNumberOfConversion,Rank-1\#ChannelInjectedConversion,Channel-1\#ChannelInjectedConversion,SamplingTime-1\#ChannelInjectedConversion,InjectedOffset-1\#ChannelInjectedConversion,Rank-2\#ChannelInjectedConversion,Channel-2\#ChannelInjectedConversion,SamplingTime-2\#ChannelInjectedConversion,InjectedOffset-2\#ChannelInjectedConversion,Rank-3\#ChannelInjectedConversion,Channel-3\#ChannelInjectedConversion,SamplingTime-3\#ChannelInjectedConversion,InjectedOffset-3\#ChannelInjectedConversion,EnableRegularConversion,ExternalTrigConv,ExternalTrigConvEdge,ScanConvMode,NbrOfConversionFlag,NbrOfConversion,Rank-1\#ChannelRegularConversion,Channel-1\#ChannelRegularConversion,SamplingTime-1\#ChannelRegularConversion,OffsetNumber-1\#ChannelRegularConversion,Offset-1\#ChannelRegularConversion,Rank-2\#ChannelRegularConversion,Channel-2\#ChannelRegularConversion,SamplingTime-2\#ChannelRegularConversion,OffsetNumber-2\#ChannelRegularConversion,Offset-2\#ChannelRegularConversion,master
ADC1.InjNumberOfConversion=3
ADC1.InjectedConvMode=Discontinuous
ADC1.InjectedOffset-1\#ChannelInjectedConversion=0
ADC1.InjectedOffset-2\#ChannelInjectedConversion=0
ADC1.InjectedOffset-3\#ChannelInjectedConversion=0
ADC1.Mode=__NULL
ADC1.NbrOfConversion=2
ADC1.NbrOfConversionFlag=1
ADC1.Offset-1\#ChannelRegularConversion=0
ADC1.Offset-2\#ChannelRegularConversion=0
ADC1.OffsetNumber-1\#ChannelRegularConversion=ADC_OFFSET_NONE
ADC1.OffsetNumber-2\#ChannelRegularConversion=ADC_OFFSET_NONE
ADC1.Rank-1\#ChannelInjectedConversion=1
ADC1.Rank-1\#ChannelRegularConversion=1
ADC1.Rank-2\#ChannelInjectedConversion=2
ADC1.Rank-2\#ChannelRegularConversion=2
ADC1.Rank-3\#ChannelInjectedConversion=3
ADC1.SamplingTime-1\#ChannelInjectedConversion=ADC_SAMPLETIME_1CYCLE_5
ADC1.SamplingTime-1\#ChannelRegularConversion=ADC_SAMPLETIME_1CYCLE_5
ADC1.SamplingTime-2\#ChannelInjectedConversion=ADC_SAMPLETIME_1CYCLE_5
ADC1.SamplingTime-2\#ChannelRegularConversion=ADC_SAMPLETIME_1CYCLE_5
ADC1.SamplingTime-3\#ChannelInjectedConversion=ADC_SAMPLETIME_1CYCLE_5
ADC1.ScanConvMode=ADC_SCAN_ENABLE
ADC1.master=1
ADC2.Channel-1\#ChannelInjectedConversion=ADC_CHANNEL_3
ADC2.Channel-2\#ChannelInjectedConversion=ADC_CHANNEL_4
ADC2.Channel-3\#ChannelInjectedConversion=ADC_CHANNEL_5
ADC2.ContinuousConvMode=DISABLE
ADC2.DataAlign=ADC_DATAALIGN_LEFT
ADC2.DiscontinuousConvMode=DISABLE
ADC2.EnableAnalogWatchDog=false
ADC2.EnableInjectedConversion=ENABLE
ADC2.EnableRegularConversion=DISABLE
ADC2.ExternalTrigInjecConv=ADC_EXTERNALTRIGINJECCONV_T1_CC4
ADC2.ExternalTrigInjecConvEdge=ADC_EXTERNALTRIGINJECCONVEDGE_RISING
ADC2.IPParameters=DataAlign,DiscontinuousConvMode,EnableAnalogWatchDog,Mode,ContinuousConvMode,EnableInjectedConversion,InjectedConvMode,ExternalTrigInjecConv,ExternalTrigInjecConvEdge,InjNumberOfConversion,Rank-1\#ChannelInjectedConversion,Channel-1\#ChannelInjectedConversion,SamplingTime-1\#ChannelInjectedConversion,InjectedOffset-1\#ChannelInjectedConversion,Rank-2\#ChannelInjectedConversion,Channel-2\#ChannelInjectedConversion,SamplingTime-2\#ChannelInjectedConversion,InjectedOffset-2\#ChannelInjectedConversion,Rank-3\#ChannelInjectedConversion,Channel-3\#ChannelInjectedConversion,SamplingTime-3\#ChannelInjectedConversion,InjectedOffset-3\#ChannelInjectedConversion,EnableRegularConversion,ScanConvMode
ADC2.InjNumberOfConversion=3
ADC2.InjectedConvMode=Discontinuous
ADC2.InjectedOffset-1\#ChannelInjectedConversion=0
ADC2.InjectedOffset-2\#ChannelInjectedConversion=0
ADC2.InjectedOffset-3\#ChannelInjectedConversion=0
ADC2.Mode=__NULL
ADC2.Rank-1\#ChannelInjectedConversion=1
ADC2.Rank-2\#ChannelInjectedConversion=2
ADC2.Rank-3\#ChannelInjectedConversion=3
ADC2.SamplingTime-1\#ChannelInjectedConversion=ADC_SAMPLETIME_1CYCLE_5
ADC2.SamplingTime-2\#ChannelInjectedConversion=ADC_SAMPLETIME_1CYCLE_5
ADC2.SamplingTime-3\#ChannelInjectedConversion=ADC_SAMPLETIME_1CYCLE_5
ADC2.ScanConvMode=ADC_SCAN_ENABLE
Dma.ADC1.0.Direction=DMA_PERIPH_TO_MEMORY
Dma.ADC1.0.Instance=DMA1_Channel1
Dma.ADC1.0.MemDataAlignment=DMA_MDATAALIGN_HALFWORD
Dma.ADC1.0.MemInc=DMA_MINC_DISABLE
Dma.ADC1.0.Mode=DMA_CIRCULAR
Dma.ADC1.0.PeriphDataAlignment=DMA_PDATAALIGN_HALFWORD
Dma.ADC1.0.PeriphInc=DMA_PINC_DISABLE
Dma.ADC1.0.Priority=DMA_PRIORITY_LOW
Dma.ADC1.0.RequestParameters=Instance,Direction,PeriphInc,MemInc,PeriphDataAlignment,MemDataAlignment,Mode,Priority
Dma.Request0=ADC1
Dma.RequestsNb=1
FREERTOS.FootprintOK=true
FREERTOS.IPParameters=Tasks01,FootprintOK,configTOTAL_HEAP_SIZE,configUSE_TRACE_FACILITY
FREERTOS.Tasks01=mediumFrequency,24,128,startMediumFrequencyTask,As weak,NULL,Dynamic,NULL,NULL;safety,32,128,StartSafetyTask,As external,NULL,Dynamic,NULL,NULL
FREERTOS.configTOTAL_HEAP_SIZE=5*1024
FREERTOS.configUSE_TRACE_FACILITY=1
File.Version=6
KeepUserPlacement=false
Mcu.Family=STM32F1
Mcu.IP0=ADC1
Mcu.IP1=ADC2
Mcu.IP2=DMA
Mcu.IP3=FREERTOS
Mcu.IP4=NVIC
Mcu.IP5=RCC
Mcu.IP6=SYS
Mcu.IP7=TIM1
Mcu.IP8=TIM3
Mcu.IP9=USART3
Mcu.IPNb=10
Mcu.Name=STM32F103C(8-B)Tx
Mcu.Package=LQFP48
Mcu.Pin0=PC14-OSC32_IN
Mcu.Pin1=PC15-OSC32_OUT
Mcu.Pin10=PB11
Mcu.Pin11=PB13
Mcu.Pin12=PB14
Mcu.Pin13=PB15
Mcu.Pin14=PA8
Mcu.Pin15=PA9
Mcu.Pin16=PA10
Mcu.Pin17=PA13
Mcu.Pin18=PA14
Mcu.Pin19=PB4
Mcu.Pin2=PD1-OSC_OUT
Mcu.Pin20=PB5
Mcu.Pin21=VP_FREERTOS_VS_CMSIS_V2
Mcu.Pin22=VP_SYS_VS_tim4
Mcu.Pin23=VP_TIM1_VS_ControllerModeTrigger
Mcu.Pin24=VP_TIM1_VS_ClockSourceITR
Mcu.Pin25=VP_TIM1_VS_no_output4
Mcu.Pin26=VP_TIM3_VS_ClockSourceINT
Mcu.Pin3=PA0-WKUP
Mcu.Pin4=PA2
Mcu.Pin5=PA3
Mcu.Pin6=PA4
Mcu.Pin7=PA5
Mcu.Pin8=PB0
Mcu.Pin9=PB10
Mcu.PinsNb=27
Mcu.ThirdPartyNb=0
Mcu.UserConstants=
Mcu.UserName=STM32F103C8Tx
MxCube.Version=6.3.0
MxDb.Version=DB.6.0.30
NVIC.ADC1_2_IRQn=true\:2\:0\:true\:true\:false\:1\:false\:true\:true
NVIC.BusFault_IRQn=true\:0\:0\:false\:false\:false\:false\:true\:false
NVIC.DMA1_Channel1_IRQn=true\:0\:0\:true\:true\:false\:4\:false\:true\:true
NVIC.DebugMonitor_IRQn=true\:0\:0\:false\:false\:false\:false\:true\:false
NVIC.ForceEnableDMAVector=true
NVIC.HardFault_IRQn=true\:0\:0\:false\:false\:false\:false\:true\:false
NVIC.MemoryManagement_IRQn=true\:0\:0\:false\:false\:false\:false\:true\:false
NVIC.NonMaskableInt_IRQn=true\:0\:0\:false\:false\:false\:false\:true\:false
NVIC.PendSV_IRQn=true\:15\:0\:false\:false\:false\:true\:true\:false
NVIC.PriorityGroup=NVIC_PRIORITYGROUP_4
NVIC.SVCall_IRQn=true\:0\:0\:false\:false\:false\:false\:true\:false
NVIC.SavedPendsvIrqHandlerGenerated=true
NVIC.SavedSvcallIrqHandlerGenerated=true
NVIC.SavedSystickIrqHandlerGenerated=true
NVIC.SysTick_IRQn=true\:15\:0\:true\:false\:false\:true\:true\:true
NVIC.TIM1_BRK_IRQn=true\:4\:0\:true\:true\:false\:3\:false\:true\:true
NVIC.TIM1_UP_IRQn=true\:0\:0\:true\:true\:false\:2\:false\:true\:true
NVIC.TIM3_IRQn=true\:3\:0\:true\:true\:false\:5\:false\:true\:true
NVIC.TIM4_IRQn=true\:0\:0\:false\:false\:true\:false\:false\:true
NVIC.TimeBase=TIM4_IRQn
NVIC.TimeBaseIP=TIM4
NVIC.USART3_IRQn=true\:3\:0\:true\:true\:false\:6\:false\:true\:true
NVIC.UsageFault_IRQn=true\:0\:0\:false\:false\:false\:false\:true\:false
PA0-WKUP.GPIOParameters=GPIO_Label
PA0-WKUP.GPIO_Label=M1_TEMPERATURE
PA0-WKUP.Locked=true
PA0-WKUP.Signal=ADCx_IN0
PA10.GPIOParameters=GPIO_Speed,GPIO_PuPd,GPIO_Label
PA10.GPIO_Label=M1_PWM_WH
PA10.GPIO_PuPd=GPIO_PULLDOWN
PA10.GPIO_Speed=GPIO_SPEED_FREQ_HIGH
PA10.Locked=true
PA10.Signal=S_TIM1_CH3
PA13.Locked=true
PA13.Mode=Serial_Wire
PA13.Signal=SYS_JTMS-SWDIO
PA14.Locked=true
PA14.Mode=Serial_Wire
PA14.Signal=SYS_JTCK-SWCLK
PA2.GPIOParameters=GPIO_Label
PA2.GPIO_Label=M1_BUS_VOLTAGE
PA2.Locked=true
PA2.Signal=ADCx_IN2
PA3.GPIOParameters=GPIO_Label
PA3.GPIO_Label=M1_CURR_AMPL_U
PA3.Locked=true
PA3.Signal=SharedAnalog_PA3
PA4.GPIOParameters=GPIO_Label
PA4.GPIO_Label=M1_CURR_AMPL_V
PA4.Locked=true
PA4.Signal=SharedAnalog_PA4
PA5.GPIOParameters=GPIO_Label
PA5.GPIO_Label=M1_CURR_AMPL_W
PA5.Locked=true
PA5.Signal=SharedAnalog_PA5
PA8.GPIOParameters=GPIO_Speed,GPIO_PuPd,GPIO_Label
PA8.GPIO_Label=M1_PWM_UH
PA8.GPIO_PuPd=GPIO_PULLDOWN
PA8.GPIO_Speed=GPIO_SPEED_FREQ_HIGH
PA8.Locked=true
PA8.Signal=S_TIM1_CH1
PA9.GPIOParameters=GPIO_Speed,GPIO_PuPd,GPIO_Label
PA9.GPIO_Label=M1_PWM_VH
PA9.GPIO_PuPd=GPIO_PULLDOWN
PA9.GPIO_Speed=GPIO_SPEED_FREQ_HIGH
PA9.Locked=true
PA9.Signal=S_TIM1_CH2
PB0.GPIOParameters=GPIO_Speed,GPIO_Label
PB0.GPIO_Label=M1_HALL_H3
PB0.GPIO_Speed=GPIO_SPEED_FREQ_HIGH
PB0.Locked=true
PB0.Signal=S_TIM3_CH3
PB10.GPIOParameters=GPIO_Speed,GPIO_PuPd,GPIO_Label,GPIO_Mode
PB10.GPIO_Label=UART_TX
PB10.GPIO_Mode=GPIO_MODE_AF_PP
PB10.GPIO_PuPd=GPIO_NOPULL
PB10.GPIO_Speed=GPIO_SPEED_FREQ_LOW
PB10.Locked=true
PB10.Mode=Asynchronous
PB10.Signal=USART3_TX
PB11.GPIOParameters=GPIO_Speed,GPIO_PuPd,GPIO_Label,GPIO_Mode
PB11.GPIO_Label=UART_RX
PB11.GPIO_Mode=GPIO_MODE_INPUT
PB11.GPIO_PuPd=GPIO_NOPULL
PB11.GPIO_Speed=GPIO_SPEED_FREQ_LOW
PB11.Locked=true
PB11.Mode=Asynchronous
PB11.Signal=USART3_RX
PB13.GPIOParameters=GPIO_Speed,GPIO_PuPd,GPIO_Label
PB13.GPIO_Label=M1_PWM_UL
PB13.GPIO_PuPd=GPIO_PULLDOWN
PB13.GPIO_Speed=GPIO_SPEED_FREQ_HIGH
PB13.Locked=true
PB13.Mode=PWM Generation1 CH1 CH1N
PB13.Signal=TIM1_CH1N
PB14.GPIOParameters=GPIO_Speed,GPIO_PuPd,GPIO_Label
PB14.GPIO_Label=M1_PWM_VL
PB14.GPIO_PuPd=GPIO_PULLDOWN
PB14.GPIO_Speed=GPIO_SPEED_FREQ_HIGH
PB14.Locked=true
PB14.Mode=PWM Generation2 CH2 CH2N
PB14.Signal=TIM1_CH2N
PB15.GPIOParameters=GPIO_Speed,GPIO_PuPd,GPIO_Label
PB15.GPIO_Label=M1_PWM_WL
PB15.GPIO_PuPd=GPIO_PULLDOWN
PB15.GPIO_Speed=GPIO_SPEED_FREQ_HIGH
PB15.Locked=true
PB15.Mode=PWM Generation3 CH3 CH3N
PB15.Signal=TIM1_CH3N
PB4.GPIOParameters=GPIO_Speed,GPIO_Label
PB4.GPIO_Label=M1_HALL_H1
PB4.GPIO_Speed=GPIO_SPEED_FREQ_HIGH
PB4.Locked=true
PB4.Signal=S_TIM3_CH1
PB5.GPIOParameters=GPIO_Speed,GPIO_Label
PB5.GPIO_Label=M1_HALL_H2
PB5.GPIO_Speed=GPIO_SPEED_FREQ_HIGH
PB5.Locked=true
PB5.Signal=S_TIM3_CH2
PC14-OSC32_IN.GPIOParameters=GPIO_Label
PC14-OSC32_IN.GPIO_Label=PWR_BTN
PC14-OSC32_IN.Locked=true
PC14-OSC32_IN.Signal=GPIO_Input
PC15-OSC32_OUT.GPIOParameters=PinState,GPIO_Label
PC15-OSC32_OUT.GPIO_Label=TPS_ENA
PC15-OSC32_OUT.Locked=true
PC15-OSC32_OUT.PinState=GPIO_PIN_SET
PC15-OSC32_OUT.Signal=GPIO_Output
PD1-OSC_OUT.GPIOParameters=GPIO_Label
PD1-OSC_OUT.GPIO_Label=LED
PD1-OSC_OUT.Locked=true
PD1-OSC_OUT.Signal=GPIO_Output
PinOutPanel.RotationAngle=0
ProjectManager.AskForMigrate=true
ProjectManager.BackupPrevious=false
ProjectManager.CompilerOptimize=5
ProjectManager.ComputerToolchain=false
ProjectManager.CoupleFile=false
ProjectManager.CustomerFirmwarePackage=
ProjectManager.DefaultFWLocation=true
ProjectManager.DeletePrevious=true
ProjectManager.DeviceId=STM32F103C8Tx
ProjectManager.FirmwarePackage=STM32Cube FW_F1 V1.8.4
ProjectManager.FreePins=false
ProjectManager.HalAssertFull=false
ProjectManager.HeapSize=0x200
ProjectManager.KeepUserCode=true
ProjectManager.LastFirmware=true
ProjectManager.LibraryCopy=0
ProjectManager.MainLocation=Src
ProjectManager.NoMain=false
ProjectManager.PreviousToolchain=
ProjectManager.ProjectBuild=false
ProjectManager.ProjectFileName=m365.ioc
ProjectManager.ProjectName=m365
ProjectManager.RegisterCallBack=
ProjectManager.StackSize=0x400
ProjectManager.TargetToolchain=STM32CubeIDE
ProjectManager.ToolChainLocation=
ProjectManager.UnderRoot=false
ProjectManager.functionlistsort=1-MX_GPIO_Init-GPIO-false-HAL-true,2-MX_DMA_Init-DMA-false-HAL-true,3-SystemClock_Config-RCC-false-HAL-false,4-MX_ADC1_Init-ADC1-false-HAL-true,5-MX_ADC2_Init-ADC2-false-HAL-true,6-MX_TIM1_Init-TIM1-false-HAL-true,7-MX_TIM3_Init-TIM3-false-HAL-true,8-MX_USART3_UART_Init-USART3-false-HAL-true
ProjectManager.iocOrigin=MotorControl
RCC.ADCFreqValue=10666666.666666666
RCC.ADCPresc=RCC_ADCPCLK2_DIV6
RCC.AHBFreq_Value=64000000
RCC.APB1CLKDivider=RCC_HCLK_DIV2
RCC.APB1Freq_Value=32000000
RCC.APB1TimFreq_Value=64000000
RCC.APB2Freq_Value=64000000
RCC.APB2TimFreq_Value=64000000
RCC.EnbaleCSS=true
RCC.FCLKCortexFreq_Value=64000000
RCC.FamilyName=M
RCC.HCLKFreq_Value=64000000
RCC.IPParameters=ADCFreqValue,ADCPresc,AHBFreq_Value,APB1CLKDivider,APB1Freq_Value,APB1TimFreq_Value,APB2Freq_Value,APB2TimFreq_Value,EnbaleCSS,FCLKCortexFreq_Value,FamilyName,HCLKFreq_Value,MCOFreq_Value,PLLCLKFreq_Value,PLLMCOFreq_Value,PLLMUL,RTCClockSelection,RTCFreq_Value,SYSCLKFreq_VALUE,SYSCLKSource,TimSysFreq_Value,USBFreq_Value,VCOOutput2Freq_Value
RCC.MCOFreq_Value=64000000
RCC.PLLCLKFreq_Value=64000000
RCC.PLLMCOFreq_Value=32000000
RCC.PLLMUL=RCC_PLL_MUL16
RCC.RTCClockSelection=RCC_RTCCLKSOURCE_LSI
RCC.RTCFreq_Value=40000
RCC.SYSCLKFreq_VALUE=64000000
RCC.SYSCLKSource=RCC_SYSCLKSOURCE_PLLCLK
RCC.TimSysFreq_Value=64000000
RCC.USBFreq_Value=64000000
RCC.VCOOutput2Freq_Value=4000000
SH.ADCx_IN0.0=ADC1_IN0,IN0
SH.ADCx_IN0.ConfNb=1
SH.ADCx_IN2.0=ADC1_IN2,IN2
SH.ADCx_IN2.ConfNb=1
SH.S_TIM1_CH1.0=TIM1_CH1,PWM Generation1 CH1 CH1N
SH.S_TIM1_CH1.ConfNb=1
SH.S_TIM1_CH2.0=TIM1_CH2,PWM Generation2 CH2 CH2N
SH.S_TIM1_CH2.ConfNb=1
SH.S_TIM1_CH3.0=TIM1_CH3,PWM Generation3 CH3 CH3N
SH.S_TIM1_CH3.ConfNb=1
SH.S_TIM3_CH1.0=TIM3_CH1,Xored_Inputs_Hall_Sensor_Interface
SH.S_TIM3_CH1.ConfNb=1
SH.S_TIM3_CH2.0=TIM3_CH2,Xored_Inputs_Hall_Sensor_Interface
SH.S_TIM3_CH2.ConfNb=1
SH.S_TIM3_CH3.0=TIM3_CH3,Xored_Inputs_Hall_Sensor_Interface
SH.S_TIM3_CH3.ConfNb=1
SH.SharedAnalog_PA3.0=ADC1_IN3,IN3
SH.SharedAnalog_PA3.1=ADC2_IN3,IN3
SH.SharedAnalog_PA3.ConfNb=2
SH.SharedAnalog_PA4.0=ADC1_IN4,IN4
SH.SharedAnalog_PA4.1=ADC2_IN4,IN4
SH.SharedAnalog_PA4.ConfNb=2
SH.SharedAnalog_PA5.0=ADC1_IN5,IN5
SH.SharedAnalog_PA5.1=ADC2_IN5,IN5
SH.SharedAnalog_PA5.ConfNb=2
TIM1.AutomaticOutput=TIM_AUTOMATICOUTPUT_DISABLE
TIM1.BreakPolarity=TIM_BREAKPOLARITY_LOW
TIM1.BreakState=TIM_BREAK_DISABLE
TIM1.Channel-PWM\ Generation1\ CH1\ CH1N=TIM_CHANNEL_1
TIM1.Channel-PWM\ Generation2\ CH2\ CH2N=TIM_CHANNEL_2
TIM1.Channel-PWM\ Generation3\ CH3\ CH3N=TIM_CHANNEL_3
TIM1.Channel-PWM\ Generation4\ No\ Output=TIM_CHANNEL_4
TIM1.ClockDivision=TIM_CLOCKDIVISION_DIV2
TIM1.CounterMode=TIM_COUNTERMODE_CENTERALIGNED1
TIM1.DeadTime=((DEAD_TIME_COUNTS) / 2)
TIM1.IPParameters=BreakState,BreakPolarity,ClockDivision,CounterMode,LockLevel,OCMode_PWM-PWM Generation4 No Output,OffStateIDLEMode,OffStateRunMode,TIM_MasterOutputTrigger,AutomaticOutput,TIM_MasterSlaveMode,OCPolarity_1,OCPolarity_2,OCPolarity_3,OCIdleState_1,OCIdleState_2,OCIdleState_3,OCNPolarity_1,OCNPolarity_2,OCNPolarity_3,OCNIdleState_1,OCNIdleState_2,OCNIdleState_3,Channel-PWM Generation1 CH1 CH1N,Channel-PWM Generation2 CH2 CH2N,Channel-PWM Generation3 CH3 CH3N,Channel-PWM Generation4 No Output,Period,Prescaler,Pulse-PWM Generation1 CH1,Pulse-PWM Generation2 CH2,Pulse-PWM Generation3 CH3,Pulse-PWM Generation4 No Output,RepetitionCounter,DeadTime
TIM1.IPParametersWithoutCheck=Pulse-PWM Generation4 No Output,RepetitionCounter,DeadTime,Pulse-PWM Generation1 CH1,Pulse-PWM Generation2 CH2,Pulse-PWM Generation3 CH3,Prescaler,Period
TIM1.LockLevel=TIM_LOCKLEVEL_1
TIM1.OCIdleState_1=TIM_OCIDLESTATE_RESET
TIM1.OCIdleState_2=TIM_OCIDLESTATE_RESET
TIM1.OCIdleState_3=TIM_OCIDLESTATE_RESET
TIM1.OCMode_PWM-PWM\ Generation4\ No\ Output=TIM_OCMODE_PWM2
TIM1.OCNIdleState_1=TIM_OCNIDLESTATE_RESET
TIM1.OCNIdleState_2=TIM_OCNIDLESTATE_RESET
TIM1.OCNIdleState_3=TIM_OCNIDLESTATE_RESET
TIM1.OCNPolarity_1=TIM_OCNPOLARITY_HIGH
TIM1.OCNPolarity_2=TIM_OCNPOLARITY_HIGH
TIM1.OCNPolarity_3=TIM_OCNPOLARITY_HIGH
TIM1.OCPolarity_1=TIM_OCPOLARITY_HIGH
TIM1.OCPolarity_2=TIM_OCPOLARITY_HIGH
TIM1.OCPolarity_3=TIM_OCPOLARITY_HIGH
TIM1.OffStateIDLEMode=TIM_OSSI_ENABLE
TIM1.OffStateRunMode=TIM_OSSR_ENABLE
TIM1.Period=((PWM_PERIOD_CYCLES) / 2)
TIM1.Prescaler=((TIM_CLOCK_DIVIDER) - 1)
TIM1.Pulse-PWM\ Generation1\ CH1=((PWM_PERIOD_CYCLES) / 4)
TIM1.Pulse-PWM\ Generation2\ CH2=((PWM_PERIOD_CYCLES) / 4)
TIM1.Pulse-PWM\ Generation3\ CH3=((PWM_PERIOD_CYCLES) / 4)
TIM1.Pulse-PWM\ Generation4\ No\ Output=(((PWM_PERIOD_CYCLES) / 2) - (HTMIN))
TIM1.RepetitionCounter=(REP_COUNTER)
TIM1.TIM_MasterOutputTrigger=TIM_TRGO_RESET
TIM1.TIM_MasterSlaveMode=TIM_MASTERSLAVEMODE_DISABLE
TIM3.IC1Filter=M1_HALL_IC_FILTER
TIM3.IPParameters=IC1Filter,Period
TIM3.IPParametersWithoutCheck=Period,IC1Filter
TIM3.Period=M1_HALL_TIM_PERIOD
USART3.BaudRate=115200
USART3.IPParameters=BaudRate,WordLength,VirtualMode-Asynchronous,VirtualMode
USART3.VirtualMode=VM_ASYNC
USART3.VirtualMode-Asynchronous=VM_ASYNC
USART3.WordLength=WORDLENGTH_8B
VP_FREERTOS_VS_CMSIS_V2.Mode=CMSIS_V2
VP_FREERTOS_VS_CMSIS_V2.Signal=FREERTOS_VS_CMSIS_V2
VP_SYS_VS_tim4.Mode=TIM4
VP_SYS_VS_tim4.Signal=SYS_VS_tim4
VP_TIM1_VS_ClockSourceITR.Mode=TriggerSource_ITR1
VP_TIM1_VS_ClockSourceITR.Signal=TIM1_VS_ClockSourceITR
VP_TIM1_VS_ControllerModeTrigger.Mode=Trigger Mode
VP_TIM1_VS_ControllerModeTrigger.Signal=TIM1_VS_ControllerModeTrigger
VP_TIM1_VS_no_output4.Mode=PWM Generation4 No Output
VP_TIM1_VS_no_output4.Signal=TIM1_VS_no_output4
VP_TIM3_VS_ClockSourceINT.Mode=Internal
VP_TIM3_VS_ClockSourceINT.Signal=TIM3_VS_ClockSourceINT
board=custom
isbadioc=false
